// !$*UTF8*$!
{
	archiveVersion = 1;
	classes = {
	};
	objectVersion = 55;
	objects = {

/* Begin PBXBuildFile section */
		8E06F682287E96E80017F435 /* HomeViewController.swift in Sources */ = {isa = PBXBuildFile; fileRef = 8E06F681287E96E80017F435 /* HomeViewController.swift */; };
		8E06F684287E96F60017F435 /* SearchViewController.swift in Sources */ = {isa = PBXBuildFile; fileRef = 8E06F683287E96F60017F435 /* SearchViewController.swift */; };
		8E06F686287E97020017F435 /* ChatViewController.swift in Sources */ = {isa = PBXBuildFile; fileRef = 8E06F685287E97020017F435 /* ChatViewController.swift */; };
		8E06F688287E970C0017F435 /* ProfileViewController.swift in Sources */ = {isa = PBXBuildFile; fileRef = 8E06F687287E970C0017F435 /* ProfileViewController.swift */; };
		8E06F68A287EADE60017F435 /* IndexModel.swift in Sources */ = {isa = PBXBuildFile; fileRef = 8E06F689287EADE60017F435 /* IndexModel.swift */; };
		8E06F68D287EB5830017F435 /* IndexService.swift in Sources */ = {isa = PBXBuildFile; fileRef = 8E06F68C287EB5830017F435 /* IndexService.swift */; };
		8E251D752887925400694346 /* IndicesSectionView.swift in Sources */ = {isa = PBXBuildFile; fileRef = 8E251D742887925400694346 /* IndicesSectionView.swift */; };
		8E251D772887931D00694346 /* IndexCollectionViewCell.swift in Sources */ = {isa = PBXBuildFile; fileRef = 8E251D762887931D00694346 /* IndexCollectionViewCell.swift */; };
		8E251D7A288794B000694346 /* IndexChartView.swift in Sources */ = {isa = PBXBuildFile; fileRef = 8E251D79288794B000694346 /* IndexChartView.swift */; };
		8E251D7E28879A9E00694346 /* UITextField.swift in Sources */ = {isa = PBXBuildFile; fileRef = 8E251D7D28879A9E00694346 /* UITextField.swift */; };
		8E251D8028879AC900694346 /* UIFont.swift in Sources */ = {isa = PBXBuildFile; fileRef = 8E251D7F28879AC900694346 /* UIFont.swift */; };
		8E4CB37028755FD60033AD85 /* AppDelegate.swift in Sources */ = {isa = PBXBuildFile; fileRef = 8E4CB36F28755FD60033AD85 /* AppDelegate.swift */; };
		8E4CB37228755FD60033AD85 /* SceneDelegate.swift in Sources */ = {isa = PBXBuildFile; fileRef = 8E4CB37128755FD60033AD85 /* SceneDelegate.swift */; };
		8E4CB37428755FD60033AD85 /* LoginViewController.swift in Sources */ = {isa = PBXBuildFile; fileRef = 8E4CB37328755FD60033AD85 /* LoginViewController.swift */; };
		8E4CB37728755FD60033AD85 /* Main.storyboard in Resources */ = {isa = PBXBuildFile; fileRef = 8E4CB37528755FD60033AD85 /* Main.storyboard */; };
		8E4CB37928755FD70033AD85 /* Assets.xcassets in Resources */ = {isa = PBXBuildFile; fileRef = 8E4CB37828755FD70033AD85 /* Assets.xcassets */; };
		8E4CB37C28755FD70033AD85 /* LaunchScreen.storyboard in Resources */ = {isa = PBXBuildFile; fileRef = 8E4CB37A28755FD70033AD85 /* LaunchScreen.storyboard */; };
		8E5B087E28894F2400107C2E /* DividerView.swift in Sources */ = {isa = PBXBuildFile; fileRef = 8E5B087D28894F2400107C2E /* DividerView.swift */; };
		8E81F549288A2E5600514D8C /* MajorCommoditiesSectionView.swift in Sources */ = {isa = PBXBuildFile; fileRef = 8E81F548288A2E5600514D8C /* MajorCommoditiesSectionView.swift */; };
		8E81F54B288A4F1400514D8C /* MajorCommodityCollectionViewCell.swift in Sources */ = {isa = PBXBuildFile; fileRef = 8E81F54A288A4F1400514D8C /* MajorCommodityCollectionViewCell.swift */; };
		8E81F54E288ABCF100514D8C /* MajorETFSectionView.swift in Sources */ = {isa = PBXBuildFile; fileRef = 8E81F54D288ABCF100514D8C /* MajorETFSectionView.swift */; };
		8E81F550288ABCFF00514D8C /* MajorETFCollectionViewCell.swift in Sources */ = {isa = PBXBuildFile; fileRef = 8E81F54F288ABCFF00514D8C /* MajorETFCollectionViewCell.swift */; };
		8E81F560288CDEF200514D8C /* UILabel.swift in Sources */ = {isa = PBXBuildFile; fileRef = 8E81F55F288CDEF200514D8C /* UILabel.swift */; };
		8E89DBCC289169000043FF8D /* SearchingItemCell.swift in Sources */ = {isa = PBXBuildFile; fileRef = 8E89DBCB289169000043FF8D /* SearchingItemCell.swift */; };
		8E9B2BC02895629F007B4196 /* SettingsViewController.swift in Sources */ = {isa = PBXBuildFile; fileRef = 8E9B2BBF2895629F007B4196 /* SettingsViewController.swift */; };
		8E9B2BC32895635A007B4196 /* DefaultSettingSectionView.swift in Sources */ = {isa = PBXBuildFile; fileRef = 8E9B2BC22895635A007B4196 /* DefaultSettingSectionView.swift */; };
		8E9B2BC5289563F4007B4196 /* UserManagerSectionView.swift in Sources */ = {isa = PBXBuildFile; fileRef = 8E9B2BC4289563F4007B4196 /* UserManagerSectionView.swift */; };
		8E9B2BC728956492007B4196 /* SetttingTableViewCell.swift in Sources */ = {isa = PBXBuildFile; fileRef = 8E9B2BC628956492007B4196 /* SetttingTableViewCell.swift */; };
		8E9B2BC92895670C007B4196 /* SettingInfo.swift in Sources */ = {isa = PBXBuildFile; fileRef = 8E9B2BC82895670C007B4196 /* SettingInfo.swift */; };
		8EA2D55D28792E6A00163D6A /* GoogleService-Info.plist in Resources */ = {isa = PBXBuildFile; fileRef = 8EA2D55C28792E6A00163D6A /* GoogleService-Info.plist */; };
		8EA4A3BA2887DD39009E8161 /* StockRankSectionView.swift in Sources */ = {isa = PBXBuildFile; fileRef = 8EA4A3B92887DD39009E8161 /* StockRankSectionView.swift */; };
		8EA4A3BC2887DD73009E8161 /* StockRankCollectionViewCell.swift in Sources */ = {isa = PBXBuildFile; fileRef = 8EA4A3BB2887DD73009E8161 /* StockRankCollectionViewCell.swift */; };
		8EA71042289016BA008E08F0 /* RecentSearchListView.swift in Sources */ = {isa = PBXBuildFile; fileRef = 8EA71041289016BA008E08F0 /* RecentSearchListView.swift */; };
		8EA7104528901780008E08F0 /* UIView.swift in Sources */ = {isa = PBXBuildFile; fileRef = 8EA7104428901780008E08F0 /* UIView.swift */; };
		8EA7104728901A00008E08F0 /* RecentSearchCell.swift in Sources */ = {isa = PBXBuildFile; fileRef = 8EA7104628901A00008E08F0 /* RecentSearchCell.swift */; };
		8EAAA4BD2876BF5700F3D5CC /* TabbarViewController.swift in Sources */ = {isa = PBXBuildFile; fileRef = 8EAAA4BC2876BF5700F3D5CC /* TabbarViewController.swift */; };
		8EAAA4C02877244000F3D5CC /* EmailLoginViewController.swift in Sources */ = {isa = PBXBuildFile; fileRef = 8EAAA4BF2877244000F3D5CC /* EmailLoginViewController.swift */; };
		8EAAA4C22877259800F3D5CC /* UIViewController.swift in Sources */ = {isa = PBXBuildFile; fileRef = 8EAAA4C12877259800F3D5CC /* UIViewController.swift */; };
		8EAAA4C42877382400F3D5CC /* EmailLoginViewModel.swift in Sources */ = {isa = PBXBuildFile; fileRef = 8EAAA4C32877382400F3D5CC /* EmailLoginViewModel.swift */; };
		8EAAA5222877CA2500F3D5CC /* SignupForEmailViewController.swift in Sources */ = {isa = PBXBuildFile; fileRef = 8EAAA5212877CA2500F3D5CC /* SignupForEmailViewController.swift */; };
		8EAAA5252877F98D00F3D5CC /* SignupForEmailViewModel.swift in Sources */ = {isa = PBXBuildFile; fileRef = 8EAAA5242877F98D00F3D5CC /* SignupForEmailViewModel.swift */; };
		8EDDC298287A720D00FA025D /* SignupForEmailModel.swift in Sources */ = {isa = PBXBuildFile; fileRef = 8EDDC297287A720D00FA025D /* SignupForEmailModel.swift */; };
		8EDDC29F287C01F600FA025D /* User.swift in Sources */ = {isa = PBXBuildFile; fileRef = 8EDDC29E287C01F600FA025D /* User.swift */; };
		8EE1983C2892B5340024DC00 /* ProfileSectionView.swift in Sources */ = {isa = PBXBuildFile; fileRef = 8EE1983B2892B5340024DC00 /* ProfileSectionView.swift */; };
		F0AAD3A2362C71D8A463C638 /* Pods_TheFellowshipOfAnts.framework in Frameworks */ = {isa = PBXBuildFile; fileRef = 7CB984A0433A8D03D5F72A69 /* Pods_TheFellowshipOfAnts.framework */; };
/* End PBXBuildFile section */

/* Begin PBXFileReference section */
		134D6C9707E3F5B44B85CB36 /* Pods-TheFellowshipOfAnts.release.xcconfig */ = {isa = PBXFileReference; includeInIndex = 1; lastKnownFileType = text.xcconfig; name = "Pods-TheFellowshipOfAnts.release.xcconfig"; path = "Target Support Files/Pods-TheFellowshipOfAnts/Pods-TheFellowshipOfAnts.release.xcconfig"; sourceTree = "<group>"; };
		4A6CDA59AC9B5965235D8C3A /* Pods-TheFellowshipOfAnts.debug.xcconfig */ = {isa = PBXFileReference; includeInIndex = 1; lastKnownFileType = text.xcconfig; name = "Pods-TheFellowshipOfAnts.debug.xcconfig"; path = "Target Support Files/Pods-TheFellowshipOfAnts/Pods-TheFellowshipOfAnts.debug.xcconfig"; sourceTree = "<group>"; };
		7CB984A0433A8D03D5F72A69 /* Pods_TheFellowshipOfAnts.framework */ = {isa = PBXFileReference; explicitFileType = wrapper.framework; includeInIndex = 0; path = Pods_TheFellowshipOfAnts.framework; sourceTree = BUILT_PRODUCTS_DIR; };
		8E06F681287E96E80017F435 /* HomeViewController.swift */ = {isa = PBXFileReference; lastKnownFileType = sourcecode.swift; path = HomeViewController.swift; sourceTree = "<group>"; };
		8E06F683287E96F60017F435 /* SearchViewController.swift */ = {isa = PBXFileReference; lastKnownFileType = sourcecode.swift; path = SearchViewController.swift; sourceTree = "<group>"; };
		8E06F685287E97020017F435 /* ChatViewController.swift */ = {isa = PBXFileReference; lastKnownFileType = sourcecode.swift; path = ChatViewController.swift; sourceTree = "<group>"; };
		8E06F687287E970C0017F435 /* ProfileViewController.swift */ = {isa = PBXFileReference; lastKnownFileType = sourcecode.swift; path = ProfileViewController.swift; sourceTree = "<group>"; };
		8E06F689287EADE60017F435 /* IndexModel.swift */ = {isa = PBXFileReference; lastKnownFileType = sourcecode.swift; path = IndexModel.swift; sourceTree = "<group>"; };
		8E06F68C287EB5830017F435 /* IndexService.swift */ = {isa = PBXFileReference; lastKnownFileType = sourcecode.swift; path = IndexService.swift; sourceTree = "<group>"; };
		8E251D742887925400694346 /* IndicesSectionView.swift */ = {isa = PBXFileReference; lastKnownFileType = sourcecode.swift; path = IndicesSectionView.swift; sourceTree = "<group>"; };
		8E251D762887931D00694346 /* IndexCollectionViewCell.swift */ = {isa = PBXFileReference; lastKnownFileType = sourcecode.swift; path = IndexCollectionViewCell.swift; sourceTree = "<group>"; };
		8E251D79288794B000694346 /* IndexChartView.swift */ = {isa = PBXFileReference; lastKnownFileType = sourcecode.swift; path = IndexChartView.swift; sourceTree = "<group>"; };
		8E251D7D28879A9E00694346 /* UITextField.swift */ = {isa = PBXFileReference; lastKnownFileType = sourcecode.swift; path = UITextField.swift; sourceTree = "<group>"; };
		8E251D7F28879AC900694346 /* UIFont.swift */ = {isa = PBXFileReference; lastKnownFileType = sourcecode.swift; path = UIFont.swift; sourceTree = "<group>"; };
		8E4CB36C28755FD60033AD85 /* TheFellowshipOfAnts.app */ = {isa = PBXFileReference; explicitFileType = wrapper.application; includeInIndex = 0; path = TheFellowshipOfAnts.app; sourceTree = BUILT_PRODUCTS_DIR; };
		8E4CB36F28755FD60033AD85 /* AppDelegate.swift */ = {isa = PBXFileReference; lastKnownFileType = sourcecode.swift; path = AppDelegate.swift; sourceTree = "<group>"; };
		8E4CB37128755FD60033AD85 /* SceneDelegate.swift */ = {isa = PBXFileReference; lastKnownFileType = sourcecode.swift; path = SceneDelegate.swift; sourceTree = "<group>"; };
		8E4CB37328755FD60033AD85 /* LoginViewController.swift */ = {isa = PBXFileReference; lastKnownFileType = sourcecode.swift; path = LoginViewController.swift; sourceTree = "<group>"; };
		8E4CB37628755FD60033AD85 /* Base */ = {isa = PBXFileReference; lastKnownFileType = file.storyboard; name = Base; path = Base.lproj/Main.storyboard; sourceTree = "<group>"; };
		8E4CB37828755FD70033AD85 /* Assets.xcassets */ = {isa = PBXFileReference; lastKnownFileType = folder.assetcatalog; path = Assets.xcassets; sourceTree = "<group>"; };
		8E4CB37B28755FD70033AD85 /* Base */ = {isa = PBXFileReference; lastKnownFileType = file.storyboard; name = Base; path = Base.lproj/LaunchScreen.storyboard; sourceTree = "<group>"; };
		8E4CB37D28755FD70033AD85 /* Info.plist */ = {isa = PBXFileReference; lastKnownFileType = text.plist.xml; path = Info.plist; sourceTree = "<group>"; };
		8E5B087D28894F2400107C2E /* DividerView.swift */ = {isa = PBXFileReference; lastKnownFileType = sourcecode.swift; path = DividerView.swift; sourceTree = "<group>"; };
		8E81F548288A2E5600514D8C /* MajorCommoditiesSectionView.swift */ = {isa = PBXFileReference; lastKnownFileType = sourcecode.swift; path = MajorCommoditiesSectionView.swift; sourceTree = "<group>"; };
		8E81F54A288A4F1400514D8C /* MajorCommodityCollectionViewCell.swift */ = {isa = PBXFileReference; lastKnownFileType = sourcecode.swift; path = MajorCommodityCollectionViewCell.swift; sourceTree = "<group>"; };
		8E81F54D288ABCF100514D8C /* MajorETFSectionView.swift */ = {isa = PBXFileReference; lastKnownFileType = sourcecode.swift; path = MajorETFSectionView.swift; sourceTree = "<group>"; };
		8E81F54F288ABCFF00514D8C /* MajorETFCollectionViewCell.swift */ = {isa = PBXFileReference; lastKnownFileType = sourcecode.swift; path = MajorETFCollectionViewCell.swift; sourceTree = "<group>"; };
		8E81F55F288CDEF200514D8C /* UILabel.swift */ = {isa = PBXFileReference; lastKnownFileType = sourcecode.swift; path = UILabel.swift; sourceTree = "<group>"; };
		8E89DBCB289169000043FF8D /* SearchingItemCell.swift */ = {isa = PBXFileReference; lastKnownFileType = sourcecode.swift; name = SearchingItemCell.swift; path = SubComponents/SearchingItemCell.swift; sourceTree = "<group>"; };
		8E9B2BBF2895629F007B4196 /* SettingsViewController.swift */ = {isa = PBXFileReference; lastKnownFileType = sourcecode.swift; path = SettingsViewController.swift; sourceTree = "<group>"; };
		8E9B2BC22895635A007B4196 /* DefaultSettingSectionView.swift */ = {isa = PBXFileReference; lastKnownFileType = sourcecode.swift; path = DefaultSettingSectionView.swift; sourceTree = "<group>"; };
		8E9B2BC4289563F4007B4196 /* UserManagerSectionView.swift */ = {isa = PBXFileReference; lastKnownFileType = sourcecode.swift; path = UserManagerSectionView.swift; sourceTree = "<group>"; };
		8E9B2BC628956492007B4196 /* SetttingTableViewCell.swift */ = {isa = PBXFileReference; lastKnownFileType = sourcecode.swift; path = SetttingTableViewCell.swift; sourceTree = "<group>"; };
		8E9B2BC82895670C007B4196 /* SettingInfo.swift */ = {isa = PBXFileReference; lastKnownFileType = sourcecode.swift; path = SettingInfo.swift; sourceTree = "<group>"; };
		8EA2D55C28792E6A00163D6A /* GoogleService-Info.plist */ = {isa = PBXFileReference; fileEncoding = 4; lastKnownFileType = text.plist.xml; path = "GoogleService-Info.plist"; sourceTree = "<group>"; };
		8EA4A3B92887DD39009E8161 /* StockRankSectionView.swift */ = {isa = PBXFileReference; lastKnownFileType = sourcecode.swift; path = StockRankSectionView.swift; sourceTree = "<group>"; };
		8EA4A3BB2887DD73009E8161 /* StockRankCollectionViewCell.swift */ = {isa = PBXFileReference; lastKnownFileType = sourcecode.swift; path = StockRankCollectionViewCell.swift; sourceTree = "<group>"; };
		8EA71041289016BA008E08F0 /* RecentSearchListView.swift */ = {isa = PBXFileReference; lastKnownFileType = sourcecode.swift; path = RecentSearchListView.swift; sourceTree = "<group>"; };
		8EA7104428901780008E08F0 /* UIView.swift */ = {isa = PBXFileReference; lastKnownFileType = sourcecode.swift; path = UIView.swift; sourceTree = "<group>"; };
		8EA7104628901A00008E08F0 /* RecentSearchCell.swift */ = {isa = PBXFileReference; lastKnownFileType = sourcecode.swift; path = RecentSearchCell.swift; sourceTree = "<group>"; };
		8EAAA4BC2876BF5700F3D5CC /* TabbarViewController.swift */ = {isa = PBXFileReference; lastKnownFileType = sourcecode.swift; path = TabbarViewController.swift; sourceTree = "<group>"; };
		8EAAA4BF2877244000F3D5CC /* EmailLoginViewController.swift */ = {isa = PBXFileReference; lastKnownFileType = sourcecode.swift; path = EmailLoginViewController.swift; sourceTree = "<group>"; };
		8EAAA4C12877259800F3D5CC /* UIViewController.swift */ = {isa = PBXFileReference; lastKnownFileType = sourcecode.swift; path = UIViewController.swift; sourceTree = "<group>"; };
		8EAAA4C32877382400F3D5CC /* EmailLoginViewModel.swift */ = {isa = PBXFileReference; lastKnownFileType = sourcecode.swift; path = EmailLoginViewModel.swift; sourceTree = "<group>"; };
		8EAAA5212877CA2500F3D5CC /* SignupForEmailViewController.swift */ = {isa = PBXFileReference; lastKnownFileType = sourcecode.swift; path = SignupForEmailViewController.swift; sourceTree = "<group>"; };
		8EAAA5242877F98D00F3D5CC /* SignupForEmailViewModel.swift */ = {isa = PBXFileReference; lastKnownFileType = sourcecode.swift; path = SignupForEmailViewModel.swift; sourceTree = "<group>"; };
		8EDDC297287A720D00FA025D /* SignupForEmailModel.swift */ = {isa = PBXFileReference; lastKnownFileType = sourcecode.swift; path = SignupForEmailModel.swift; sourceTree = "<group>"; };
		8EDDC29E287C01F600FA025D /* User.swift */ = {isa = PBXFileReference; lastKnownFileType = sourcecode.swift; path = User.swift; sourceTree = "<group>"; };
		8EE1983B2892B5340024DC00 /* ProfileSectionView.swift */ = {isa = PBXFileReference; lastKnownFileType = sourcecode.swift; path = ProfileSectionView.swift; sourceTree = "<group>"; };
/* End PBXFileReference section */

/* Begin PBXFrameworksBuildPhase section */
		8E4CB36928755FD60033AD85 /* Frameworks */ = {
			isa = PBXFrameworksBuildPhase;
			buildActionMask = 2147483647;
			files = (
				F0AAD3A2362C71D8A463C638 /* Pods_TheFellowshipOfAnts.framework in Frameworks */,
			);
			runOnlyForDeploymentPostprocessing = 0;
		};
/* End PBXFrameworksBuildPhase section */

/* Begin PBXGroup section */
		44E6CA64D219C96C23AE5325 /* Pods */ = {
			isa = PBXGroup;
			children = (
				4A6CDA59AC9B5965235D8C3A /* Pods-TheFellowshipOfAnts.debug.xcconfig */,
				134D6C9707E3F5B44B85CB36 /* Pods-TheFellowshipOfAnts.release.xcconfig */,
			);
			path = Pods;
			sourceTree = "<group>";
		};
		70682DFCD00D704E0591FA49 /* Frameworks */ = {
			isa = PBXGroup;
			children = (
				7CB984A0433A8D03D5F72A69 /* Pods_TheFellowshipOfAnts.framework */,
			);
			name = Frameworks;
			sourceTree = "<group>";
		};
		8E06F67C287E80290017F435 /* TabBarViewController */ = {
			isa = PBXGroup;
			children = (
				8EAAA4BC2876BF5700F3D5CC /* TabbarViewController.swift */,
				8E06F67D287E80580017F435 /* HomeViewController */,
				8E06F67E287E80610017F435 /* SearchViewController */,
				8E06F67F287E806C0017F435 /* ChatViewController */,
				8E06F680287E80740017F435 /* ProfileViewController */,
				8E5B087D28894F2400107C2E /* DividerView.swift */,
			);
			path = TabBarViewController;
			sourceTree = "<group>";
		};
		8E06F67D287E80580017F435 /* HomeViewController */ = {
			isa = PBXGroup;
			children = (
				8E06F681287E96E80017F435 /* HomeViewController.swift */,
				8E251D73288791BD00694346 /* SubComponents */,
			);
			path = HomeViewController;
			sourceTree = "<group>";
		};
		8E06F67E287E80610017F435 /* SearchViewController */ = {
			isa = PBXGroup;
			children = (
				8E06F683287E96F60017F435 /* SearchViewController.swift */,
				8E89DBCB289169000043FF8D /* SearchingItemCell.swift */,
				8EA71043289016CE008E08F0 /* SubComponents */,
			);
			path = SearchViewController;
			sourceTree = "<group>";
		};
		8E06F67F287E806C0017F435 /* ChatViewController */ = {
			isa = PBXGroup;
			children = (
				8E06F685287E97020017F435 /* ChatViewController.swift */,
			);
			path = ChatViewController;
			sourceTree = "<group>";
		};
		8E06F680287E80740017F435 /* ProfileViewController */ = {
			isa = PBXGroup;
			children = (
				8E06F687287E970C0017F435 /* ProfileViewController.swift */,
				8E9B2BBB28956253007B4196 /* SubComponents */,
			);
			path = ProfileViewController;
			sourceTree = "<group>";
		};
		8E06F68B287EB5360017F435 /* Services */ = {
			isa = PBXGroup;
			children = (
				8E06F68C287EB5830017F435 /* IndexService.swift */,
			);
			path = Services;
			sourceTree = "<group>";
		};
		8E251D73288791BD00694346 /* SubComponents */ = {
			isa = PBXGroup;
			children = (
				8E251D782887932E00694346 /* IndicesSection */,
				8EA4A3B62887C9FF009E8161 /* StockRankSection */,
				8EA4A3B72887CA1D009E8161 /* MajorCommoditiesSection */,
				8E81F54C288A8BBE00514D8C /* MajorETFSection */,
				8EA4A3B82887CA2E009E8161 /* FeerGreedSection */,
			);
			path = SubComponents;
			sourceTree = "<group>";
		};
		8E251D782887932E00694346 /* IndicesSection */ = {
			isa = PBXGroup;
			children = (
				8E251D742887925400694346 /* IndicesSectionView.swift */,
				8E251D762887931D00694346 /* IndexCollectionViewCell.swift */,
				8E251D79288794B000694346 /* IndexChartView.swift */,
			);
			path = IndicesSection;
			sourceTree = "<group>";
		};
		8E4CB36328755FD60033AD85 = {
			isa = PBXGroup;
			children = (
				8E4CB36E28755FD60033AD85 /* TheFellowshipOfAnts */,
				8E4CB36D28755FD60033AD85 /* Products */,
				44E6CA64D219C96C23AE5325 /* Pods */,
				70682DFCD00D704E0591FA49 /* Frameworks */,
			);
			sourceTree = "<group>";
		};
		8E4CB36D28755FD60033AD85 /* Products */ = {
			isa = PBXGroup;
			children = (
				8E4CB36C28755FD60033AD85 /* TheFellowshipOfAnts.app */,
			);
			name = Products;
			sourceTree = "<group>";
		};
		8E4CB36E28755FD60033AD85 /* TheFellowshipOfAnts */ = {
			isa = PBXGroup;
			children = (
				8EDDC29A287C017A00FA025D /* Resources */,
				8EDDC29B287C019D00FA025D /* Extensions */,
				8E06F68B287EB5360017F435 /* Services */,
				8EDDC299287C017400FA025D /* Model */,
				8EDDC29C287C01AC00FA025D /* Views */,
			);
			path = TheFellowshipOfAnts;
			sourceTree = "<group>";
		};
		8E81F54C288A8BBE00514D8C /* MajorETFSection */ = {
			isa = PBXGroup;
			children = (
				8E81F54D288ABCF100514D8C /* MajorETFSectionView.swift */,
				8E81F54F288ABCFF00514D8C /* MajorETFCollectionViewCell.swift */,
			);
			path = MajorETFSection;
			sourceTree = "<group>";
		};
		8E9B2BBB28956253007B4196 /* SubComponents */ = {
			isa = PBXGroup;
			children = (
				8EE1983B2892B5340024DC00 /* ProfileSectionView.swift */,
				8E9B2BBC2895625F007B4196 /* SettingViewController */,
			);
			path = SubComponents;
			sourceTree = "<group>";
		};
		8E9B2BBC2895625F007B4196 /* SettingViewController */ = {
			isa = PBXGroup;
			children = (
				8E9B2BBF2895629F007B4196 /* SettingsViewController.swift */,
				8E9B2BC1289562B2007B4196 /* SubComponents */,
			);
			path = SettingViewController;
			sourceTree = "<group>";
		};
		8E9B2BC1289562B2007B4196 /* SubComponents */ = {
			isa = PBXGroup;
			children = (
				8E9B2BC22895635A007B4196 /* DefaultSettingSectionView.swift */,
				8E9B2BC4289563F4007B4196 /* UserManagerSectionView.swift */,
				8E9B2BC628956492007B4196 /* SetttingTableViewCell.swift */,
			);
			path = SubComponents;
			sourceTree = "<group>";
		};
		8EA4A3B62887C9FF009E8161 /* StockRankSection */ = {
			isa = PBXGroup;
			children = (
				8EA4A3B92887DD39009E8161 /* StockRankSectionView.swift */,
				8EA4A3BB2887DD73009E8161 /* StockRankCollectionViewCell.swift */,
			);
			path = StockRankSection;
			sourceTree = "<group>";
		};
		8EA4A3B72887CA1D009E8161 /* MajorCommoditiesSection */ = {
			isa = PBXGroup;
			children = (
				8E81F548288A2E5600514D8C /* MajorCommoditiesSectionView.swift */,
				8E81F54A288A4F1400514D8C /* MajorCommodityCollectionViewCell.swift */,
			);
			path = MajorCommoditiesSection;
			sourceTree = "<group>";
		};
		8EA4A3B82887CA2E009E8161 /* FeerGreedSection */ = {
			isa = PBXGroup;
			children = (
			);
			path = FeerGreedSection;
			sourceTree = "<group>";
		};
		8EA71043289016CE008E08F0 /* SubComponents */ = {
			isa = PBXGroup;
			children = (
				8EA71041289016BA008E08F0 /* RecentSearchListView.swift */,
				8EA7104628901A00008E08F0 /* RecentSearchCell.swift */,
			);
			path = SubComponents;
			sourceTree = "<group>";
		};
		8EAAA4BE2876C60200F3D5CC /* LoginViewController */ = {
			isa = PBXGroup;
			children = (
				8EDDC296287A664D00FA025D /* LoginViewController */,
				8EAAA4C52877382800F3D5CC /* EmailLoginViewController */,
				8EAAA5232877CA4600F3D5CC /* SignUpForEmailViewController */,
			);
			path = LoginViewController;
			sourceTree = "<group>";
		};
		8EAAA4C52877382800F3D5CC /* EmailLoginViewController */ = {
			isa = PBXGroup;
			children = (
				8EAAA4BF2877244000F3D5CC /* EmailLoginViewController.swift */,
				8EAAA4C32877382400F3D5CC /* EmailLoginViewModel.swift */,
			);
			path = EmailLoginViewController;
			sourceTree = "<group>";
		};
		8EAAA5232877CA4600F3D5CC /* SignUpForEmailViewController */ = {
			isa = PBXGroup;
			children = (
				8EAAA5212877CA2500F3D5CC /* SignupForEmailViewController.swift */,
				8EAAA5242877F98D00F3D5CC /* SignupForEmailViewModel.swift */,
				8EDDC297287A720D00FA025D /* SignupForEmailModel.swift */,
			);
			path = SignUpForEmailViewController;
			sourceTree = "<group>";
		};
		8EDDC296287A664D00FA025D /* LoginViewController */ = {
			isa = PBXGroup;
			children = (
				8E4CB37328755FD60033AD85 /* LoginViewController.swift */,
			);
			path = LoginViewController;
			sourceTree = "<group>";
		};
		8EDDC299287C017400FA025D /* Model */ = {
			isa = PBXGroup;
			children = (
				8EDDC29E287C01F600FA025D /* User.swift */,
				8E06F689287EADE60017F435 /* IndexModel.swift */,
				8E9B2BC82895670C007B4196 /* SettingInfo.swift */,
			);
			path = Model;
			sourceTree = "<group>";
		};
		8EDDC29A287C017A00FA025D /* Resources */ = {
			isa = PBXGroup;
			children = (
				8EA2D55C28792E6A00163D6A /* GoogleService-Info.plist */,
				8E4CB37D28755FD70033AD85 /* Info.plist */,
				8E4CB36F28755FD60033AD85 /* AppDelegate.swift */,
				8E4CB37128755FD60033AD85 /* SceneDelegate.swift */,
				8E4CB37828755FD70033AD85 /* Assets.xcassets */,
			);
			path = Resources;
			sourceTree = "<group>";
		};
		8EDDC29B287C019D00FA025D /* Extensions */ = {
			isa = PBXGroup;
			children = (
				8EAAA4C12877259800F3D5CC /* UIViewController.swift */,
				8E251D7D28879A9E00694346 /* UITextField.swift */,
				8E251D7F28879AC900694346 /* UIFont.swift */,
				8E81F55F288CDEF200514D8C /* UILabel.swift */,
				8EA7104428901780008E08F0 /* UIView.swift */,
			);
			path = Extensions;
			sourceTree = "<group>";
		};
		8EDDC29C287C01AC00FA025D /* Views */ = {
			isa = PBXGroup;
			children = (
				8EDDC29D287C01C600FA025D /* Xibs */,
				8EAAA4BE2876C60200F3D5CC /* LoginViewController */,
				8E06F67C287E80290017F435 /* TabBarViewController */,
			);
			path = Views;
			sourceTree = "<group>";
		};
		8EDDC29D287C01C600FA025D /* Xibs */ = {
			isa = PBXGroup;
			children = (
				8E4CB37528755FD60033AD85 /* Main.storyboard */,
				8E4CB37A28755FD70033AD85 /* LaunchScreen.storyboard */,
			);
			path = Xibs;
			sourceTree = "<group>";
		};
/* End PBXGroup section */

/* Begin PBXNativeTarget section */
		8E4CB36B28755FD60033AD85 /* TheFellowshipOfAnts */ = {
			isa = PBXNativeTarget;
			buildConfigurationList = 8E4CB38028755FD70033AD85 /* Build configuration list for PBXNativeTarget "TheFellowshipOfAnts" */;
			buildPhases = (
				DF68C91617B01A81A4E2715F /* [CP] Check Pods Manifest.lock */,
				8E4CB36828755FD60033AD85 /* Sources */,
				8E4CB36928755FD60033AD85 /* Frameworks */,
				8E4CB36A28755FD60033AD85 /* Resources */,
				8280420B621C82F04D87DC65 /* [CP] Embed Pods Frameworks */,
			);
			buildRules = (
			);
			dependencies = (
			);
			name = TheFellowshipOfAnts;
			productName = TheFellowshipOfAnts;
			productReference = 8E4CB36C28755FD60033AD85 /* TheFellowshipOfAnts.app */;
			productType = "com.apple.product-type.application";
		};
/* End PBXNativeTarget section */

/* Begin PBXProject section */
		8E4CB36428755FD60033AD85 /* Project object */ = {
			isa = PBXProject;
			attributes = {
				BuildIndependentTargetsInParallel = 1;
				LastSwiftUpdateCheck = 1340;
				LastUpgradeCheck = 1340;
				TargetAttributes = {
					8E4CB36B28755FD60033AD85 = {
						CreatedOnToolsVersion = 13.4.1;
					};
				};
			};
			buildConfigurationList = 8E4CB36728755FD60033AD85 /* Build configuration list for PBXProject "TheFellowshipOfAnts" */;
			compatibilityVersion = "Xcode 13.0";
			developmentRegion = en;
			hasScannedForEncodings = 0;
			knownRegions = (
				en,
				Base,
			);
			mainGroup = 8E4CB36328755FD60033AD85;
			productRefGroup = 8E4CB36D28755FD60033AD85 /* Products */;
			projectDirPath = "";
			projectRoot = "";
			targets = (
				8E4CB36B28755FD60033AD85 /* TheFellowshipOfAnts */,
			);
		};
/* End PBXProject section */

/* Begin PBXResourcesBuildPhase section */
		8E4CB36A28755FD60033AD85 /* Resources */ = {
			isa = PBXResourcesBuildPhase;
			buildActionMask = 2147483647;
			files = (
				8E4CB37C28755FD70033AD85 /* LaunchScreen.storyboard in Resources */,
				8EA2D55D28792E6A00163D6A /* GoogleService-Info.plist in Resources */,
				8E4CB37928755FD70033AD85 /* Assets.xcassets in Resources */,
				8E4CB37728755FD60033AD85 /* Main.storyboard in Resources */,
			);
			runOnlyForDeploymentPostprocessing = 0;
		};
/* End PBXResourcesBuildPhase section */

/* Begin PBXShellScriptBuildPhase section */
		8280420B621C82F04D87DC65 /* [CP] Embed Pods Frameworks */ = {
			isa = PBXShellScriptBuildPhase;
			buildActionMask = 2147483647;
			files = (
			);
			inputFileListPaths = (
				"${PODS_ROOT}/Target Support Files/Pods-TheFellowshipOfAnts/Pods-TheFellowshipOfAnts-frameworks-${CONFIGURATION}-input-files.xcfilelist",
			);
			name = "[CP] Embed Pods Frameworks";
			outputFileListPaths = (
				"${PODS_ROOT}/Target Support Files/Pods-TheFellowshipOfAnts/Pods-TheFellowshipOfAnts-frameworks-${CONFIGURATION}-output-files.xcfilelist",
			);
			runOnlyForDeploymentPostprocessing = 0;
			shellPath = /bin/sh;
			shellScript = "\"${PODS_ROOT}/Target Support Files/Pods-TheFellowshipOfAnts/Pods-TheFellowshipOfAnts-frameworks.sh\"\n";
			showEnvVarsInLog = 0;
		};
		DF68C91617B01A81A4E2715F /* [CP] Check Pods Manifest.lock */ = {
			isa = PBXShellScriptBuildPhase;
			buildActionMask = 2147483647;
			files = (
			);
			inputFileListPaths = (
			);
			inputPaths = (
				"${PODS_PODFILE_DIR_PATH}/Podfile.lock",
				"${PODS_ROOT}/Manifest.lock",
			);
			name = "[CP] Check Pods Manifest.lock";
			outputFileListPaths = (
			);
			outputPaths = (
				"$(DERIVED_FILE_DIR)/Pods-TheFellowshipOfAnts-checkManifestLockResult.txt",
			);
			runOnlyForDeploymentPostprocessing = 0;
			shellPath = /bin/sh;
			shellScript = "diff \"${PODS_PODFILE_DIR_PATH}/Podfile.lock\" \"${PODS_ROOT}/Manifest.lock\" > /dev/null\nif [ $? != 0 ] ; then\n    # print error to STDERR\n    echo \"error: The sandbox is not in sync with the Podfile.lock. Run 'pod install' or update your CocoaPods installation.\" >&2\n    exit 1\nfi\n# This output is used by Xcode 'outputs' to avoid re-running this script phase.\necho \"SUCCESS\" > \"${SCRIPT_OUTPUT_FILE_0}\"\n";
			showEnvVarsInLog = 0;
		};
/* End PBXShellScriptBuildPhase section */

/* Begin PBXSourcesBuildPhase section */
		8E4CB36828755FD60033AD85 /* Sources */ = {
			isa = PBXSourcesBuildPhase;
			buildActionMask = 2147483647;
			files = (
				8EA7104528901780008E08F0 /* UIView.swift in Sources */,
				8E251D7A288794B000694346 /* IndexChartView.swift in Sources */,
				8E9B2BC32895635A007B4196 /* DefaultSettingSectionView.swift in Sources */,
				8EDDC29F287C01F600FA025D /* User.swift in Sources */,
				8EE1983C2892B5340024DC00 /* ProfileSectionView.swift in Sources */,
				8EA4A3BA2887DD39009E8161 /* StockRankSectionView.swift in Sources */,
				8E251D7E28879A9E00694346 /* UITextField.swift in Sources */,
				8E4CB37428755FD60033AD85 /* LoginViewController.swift in Sources */,
				8EAAA4C02877244000F3D5CC /* EmailLoginViewController.swift in Sources */,
				8E4CB37028755FD60033AD85 /* AppDelegate.swift in Sources */,
				8E251D8028879AC900694346 /* UIFont.swift in Sources */,
				8E81F54B288A4F1400514D8C /* MajorCommodityCollectionViewCell.swift in Sources */,
				8E06F68A287EADE60017F435 /* IndexModel.swift in Sources */,
				8E81F560288CDEF200514D8C /* UILabel.swift in Sources */,
				8E9B2BC92895670C007B4196 /* SettingInfo.swift in Sources */,
				8EA4A3BC2887DD73009E8161 /* StockRankCollectionViewCell.swift in Sources */,
				8EAAA4C22877259800F3D5CC /* UIViewController.swift in Sources */,
				8EAAA4BD2876BF5700F3D5CC /* TabbarViewController.swift in Sources */,
				8E9B2BC5289563F4007B4196 /* UserManagerSectionView.swift in Sources */,
				8E81F550288ABCFF00514D8C /* MajorETFCollectionViewCell.swift in Sources */,
				8EAAA5252877F98D00F3D5CC /* SignupForEmailViewModel.swift in Sources */,
				8E251D752887925400694346 /* IndicesSectionView.swift in Sources */,
				8E5B087E28894F2400107C2E /* DividerView.swift in Sources */,
				8E81F549288A2E5600514D8C /* MajorCommoditiesSectionView.swift in Sources */,
				8E06F68D287EB5830017F435 /* IndexService.swift in Sources */,
				8EDDC298287A720D00FA025D /* SignupForEmailModel.swift in Sources */,
				8EA7104728901A00008E08F0 /* RecentSearchCell.swift in Sources */,
				8E06F684287E96F60017F435 /* SearchViewController.swift in Sources */,
				8EAAA5222877CA2500F3D5CC /* SignupForEmailViewController.swift in Sources */,
				8E06F686287E97020017F435 /* ChatViewController.swift in Sources */,
				8EA71042289016BA008E08F0 /* RecentSearchListView.swift in Sources */,
				8E9B2BC728956492007B4196 /* SetttingTableViewCell.swift in Sources */,
				8E89DBCC289169000043FF8D /* SearchingItemCell.swift in Sources */,
				8E4CB37228755FD60033AD85 /* SceneDelegate.swift in Sources */,
				8E06F688287E970C0017F435 /* ProfileViewController.swift in Sources */,
				8E81F54E288ABCF100514D8C /* MajorETFSectionView.swift in Sources */,
				8E251D772887931D00694346 /* IndexCollectionViewCell.swift in Sources */,
				8EAAA4C42877382400F3D5CC /* EmailLoginViewModel.swift in Sources */,
				8E06F682287E96E80017F435 /* HomeViewController.swift in Sources */,
				8E9B2BC02895629F007B4196 /* SettingsViewController.swift in Sources */,
			);
			runOnlyForDeploymentPostprocessing = 0;
		};
/* End PBXSourcesBuildPhase section */

/* Begin PBXVariantGroup section */
		8E4CB37528755FD60033AD85 /* Main.storyboard */ = {
			isa = PBXVariantGroup;
			children = (
				8E4CB37628755FD60033AD85 /* Base */,
			);
			name = Main.storyboard;
			sourceTree = "<group>";
		};
		8E4CB37A28755FD70033AD85 /* LaunchScreen.storyboard */ = {
			isa = PBXVariantGroup;
			children = (
				8E4CB37B28755FD70033AD85 /* Base */,
			);
			name = LaunchScreen.storyboard;
			sourceTree = "<group>";
		};
/* End PBXVariantGroup section */

/* Begin XCBuildConfiguration section */
		8E4CB37E28755FD70033AD85 /* Debug */ = {
			isa = XCBuildConfiguration;
			buildSettings = {
				ALWAYS_SEARCH_USER_PATHS = NO;
				CLANG_ANALYZER_NONNULL = YES;
				CLANG_ANALYZER_NUMBER_OBJECT_CONVERSION = YES_AGGRESSIVE;
				CLANG_CXX_LANGUAGE_STANDARD = "gnu++17";
				CLANG_ENABLE_MODULES = YES;
				CLANG_ENABLE_OBJC_ARC = YES;
				CLANG_ENABLE_OBJC_WEAK = YES;
				CLANG_WARN_BLOCK_CAPTURE_AUTORELEASING = YES;
				CLANG_WARN_BOOL_CONVERSION = YES;
				CLANG_WARN_COMMA = YES;
				CLANG_WARN_CONSTANT_CONVERSION = YES;
				CLANG_WARN_DEPRECATED_OBJC_IMPLEMENTATIONS = YES;
				CLANG_WARN_DIRECT_OBJC_ISA_USAGE = YES_ERROR;
				CLANG_WARN_DOCUMENTATION_COMMENTS = YES;
				CLANG_WARN_EMPTY_BODY = YES;
				CLANG_WARN_ENUM_CONVERSION = YES;
				CLANG_WARN_INFINITE_RECURSION = YES;
				CLANG_WARN_INT_CONVERSION = YES;
				CLANG_WARN_NON_LITERAL_NULL_CONVERSION = YES;
				CLANG_WARN_OBJC_IMPLICIT_RETAIN_SELF = YES;
				CLANG_WARN_OBJC_LITERAL_CONVERSION = YES;
				CLANG_WARN_OBJC_ROOT_CLASS = YES_ERROR;
				CLANG_WARN_QUOTED_INCLUDE_IN_FRAMEWORK_HEADER = YES;
				CLANG_WARN_RANGE_LOOP_ANALYSIS = YES;
				CLANG_WARN_STRICT_PROTOTYPES = YES;
				CLANG_WARN_SUSPICIOUS_MOVE = YES;
				CLANG_WARN_UNGUARDED_AVAILABILITY = YES_AGGRESSIVE;
				CLANG_WARN_UNREACHABLE_CODE = YES;
				CLANG_WARN__DUPLICATE_METHOD_MATCH = YES;
				COPY_PHASE_STRIP = NO;
				DEBUG_INFORMATION_FORMAT = dwarf;
				ENABLE_STRICT_OBJC_MSGSEND = YES;
				ENABLE_TESTABILITY = YES;
				GCC_C_LANGUAGE_STANDARD = gnu11;
				GCC_DYNAMIC_NO_PIC = NO;
				GCC_NO_COMMON_BLOCKS = YES;
				GCC_OPTIMIZATION_LEVEL = 0;
				GCC_PREPROCESSOR_DEFINITIONS = (
					"DEBUG=1",
					"$(inherited)",
				);
				GCC_WARN_64_TO_32_BIT_CONVERSION = YES;
				GCC_WARN_ABOUT_RETURN_TYPE = YES_ERROR;
				GCC_WARN_UNDECLARED_SELECTOR = YES;
				GCC_WARN_UNINITIALIZED_AUTOS = YES_AGGRESSIVE;
				GCC_WARN_UNUSED_FUNCTION = YES;
				GCC_WARN_UNUSED_VARIABLE = YES;
				IPHONEOS_DEPLOYMENT_TARGET = 15.5;
				MTL_ENABLE_DEBUG_INFO = INCLUDE_SOURCE;
				MTL_FAST_MATH = YES;
				ONLY_ACTIVE_ARCH = YES;
				SDKROOT = iphoneos;
				SWIFT_ACTIVE_COMPILATION_CONDITIONS = DEBUG;
				SWIFT_OPTIMIZATION_LEVEL = "-Onone";
			};
			name = Debug;
		};
		8E4CB37F28755FD70033AD85 /* Release */ = {
			isa = XCBuildConfiguration;
			buildSettings = {
				ALWAYS_SEARCH_USER_PATHS = NO;
				CLANG_ANALYZER_NONNULL = YES;
				CLANG_ANALYZER_NUMBER_OBJECT_CONVERSION = YES_AGGRESSIVE;
				CLANG_CXX_LANGUAGE_STANDARD = "gnu++17";
				CLANG_ENABLE_MODULES = YES;
				CLANG_ENABLE_OBJC_ARC = YES;
				CLANG_ENABLE_OBJC_WEAK = YES;
				CLANG_WARN_BLOCK_CAPTURE_AUTORELEASING = YES;
				CLANG_WARN_BOOL_CONVERSION = YES;
				CLANG_WARN_COMMA = YES;
				CLANG_WARN_CONSTANT_CONVERSION = YES;
				CLANG_WARN_DEPRECATED_OBJC_IMPLEMENTATIONS = YES;
				CLANG_WARN_DIRECT_OBJC_ISA_USAGE = YES_ERROR;
				CLANG_WARN_DOCUMENTATION_COMMENTS = YES;
				CLANG_WARN_EMPTY_BODY = YES;
				CLANG_WARN_ENUM_CONVERSION = YES;
				CLANG_WARN_INFINITE_RECURSION = YES;
				CLANG_WARN_INT_CONVERSION = YES;
				CLANG_WARN_NON_LITERAL_NULL_CONVERSION = YES;
				CLANG_WARN_OBJC_IMPLICIT_RETAIN_SELF = YES;
				CLANG_WARN_OBJC_LITERAL_CONVERSION = YES;
				CLANG_WARN_OBJC_ROOT_CLASS = YES_ERROR;
				CLANG_WARN_QUOTED_INCLUDE_IN_FRAMEWORK_HEADER = YES;
				CLANG_WARN_RANGE_LOOP_ANALYSIS = YES;
				CLANG_WARN_STRICT_PROTOTYPES = YES;
				CLANG_WARN_SUSPICIOUS_MOVE = YES;
				CLANG_WARN_UNGUARDED_AVAILABILITY = YES_AGGRESSIVE;
				CLANG_WARN_UNREACHABLE_CODE = YES;
				CLANG_WARN__DUPLICATE_METHOD_MATCH = YES;
				COPY_PHASE_STRIP = NO;
				DEBUG_INFORMATION_FORMAT = "dwarf-with-dsym";
				ENABLE_NS_ASSERTIONS = NO;
				ENABLE_STRICT_OBJC_MSGSEND = YES;
				GCC_C_LANGUAGE_STANDARD = gnu11;
				GCC_NO_COMMON_BLOCKS = YES;
				GCC_WARN_64_TO_32_BIT_CONVERSION = YES;
				GCC_WARN_ABOUT_RETURN_TYPE = YES_ERROR;
				GCC_WARN_UNDECLARED_SELECTOR = YES;
				GCC_WARN_UNINITIALIZED_AUTOS = YES_AGGRESSIVE;
				GCC_WARN_UNUSED_FUNCTION = YES;
				GCC_WARN_UNUSED_VARIABLE = YES;
				IPHONEOS_DEPLOYMENT_TARGET = 15.5;
				MTL_ENABLE_DEBUG_INFO = NO;
				MTL_FAST_MATH = YES;
				SDKROOT = iphoneos;
				SWIFT_COMPILATION_MODE = wholemodule;
				SWIFT_OPTIMIZATION_LEVEL = "-O";
				VALIDATE_PRODUCT = YES;
			};
			name = Release;
		};
		8E4CB38128755FD70033AD85 /* Debug */ = {
			isa = XCBuildConfiguration;
			baseConfigurationReference = 4A6CDA59AC9B5965235D8C3A /* Pods-TheFellowshipOfAnts.debug.xcconfig */;
			buildSettings = {
				ASSETCATALOG_COMPILER_APPICON_NAME = AppIcon;
				ASSETCATALOG_COMPILER_GLOBAL_ACCENT_COLOR_NAME = AccentColor;
				CODE_SIGN_STYLE = Automatic;
				CURRENT_PROJECT_VERSION = 1;
				DEVELOPMENT_TEAM = VP52T77886;
				GENERATE_INFOPLIST_FILE = YES;
				INFOPLIST_FILE = TheFellowshipOfAnts/Resources/Info.plist;
				INFOPLIST_KEY_UIApplicationSupportsIndirectInputEvents = YES;
				INFOPLIST_KEY_UILaunchStoryboardName = LaunchScreen;
				INFOPLIST_KEY_UIMainStoryboardFile = Main;
				INFOPLIST_KEY_UISupportedInterfaceOrientations_iPad = "UIInterfaceOrientationPortrait UIInterfaceOrientationPortraitUpsideDown UIInterfaceOrientationLandscapeLeft UIInterfaceOrientationLandscapeRight";
				INFOPLIST_KEY_UISupportedInterfaceOrientations_iPhone = "UIInterfaceOrientationPortrait UIInterfaceOrientationLandscapeLeft UIInterfaceOrientationLandscapeRight";
				LD_RUNPATH_SEARCH_PATHS = (
					"$(inherited)",
					"@executable_path/Frameworks",
				);
				MARKETING_VERSION = 1.0;
				PRODUCT_BUNDLE_IDENTIFIER = com.SeYeong.TheFellowshipOfAnts;
				PRODUCT_NAME = "$(TARGET_NAME)";
				SWIFT_EMIT_LOC_STRINGS = YES;
				SWIFT_VERSION = 5.0;
				TARGETED_DEVICE_FAMILY = "1,2";
			};
			name = Debug;
		};
		8E4CB38228755FD70033AD85 /* Release */ = {
			isa = XCBuildConfiguration;
			baseConfigurationReference = 134D6C9707E3F5B44B85CB36 /* Pods-TheFellowshipOfAnts.release.xcconfig */;
			buildSettings = {
				ASSETCATALOG_COMPILER_APPICON_NAME = AppIcon;
				ASSETCATALOG_COMPILER_GLOBAL_ACCENT_COLOR_NAME = AccentColor;
				CODE_SIGN_STYLE = Automatic;
				CURRENT_PROJECT_VERSION = 1;
				DEVELOPMENT_TEAM = VP52T77886;
				GENERATE_INFOPLIST_FILE = YES;
				INFOPLIST_FILE = TheFellowshipOfAnts/Resources/Info.plist;
				INFOPLIST_KEY_UIApplicationSupportsIndirectInputEvents = YES;
				INFOPLIST_KEY_UILaunchStoryboardName = LaunchScreen;
				INFOPLIST_KEY_UIMainStoryboardFile = Main;
				INFOPLIST_KEY_UISupportedInterfaceOrientations_iPad = "UIInterfaceOrientationPortrait UIInterfaceOrientationPortraitUpsideDown UIInterfaceOrientationLandscapeLeft UIInterfaceOrientationLandscapeRight";
				INFOPLIST_KEY_UISupportedInterfaceOrientations_iPhone = "UIInterfaceOrientationPortrait UIInterfaceOrientationLandscapeLeft UIInterfaceOrientationLandscapeRight";
				LD_RUNPATH_SEARCH_PATHS = (
					"$(inherited)",
					"@executable_path/Frameworks",
				);
				MARKETING_VERSION = 1.0;
				PRODUCT_BUNDLE_IDENTIFIER = com.SeYeong.TheFellowshipOfAnts;
				PRODUCT_NAME = "$(TARGET_NAME)";
				SWIFT_EMIT_LOC_STRINGS = YES;
				SWIFT_VERSION = 5.0;
				TARGETED_DEVICE_FAMILY = "1,2";
			};
			name = Release;
		};
/* End XCBuildConfiguration section */

/* Begin XCConfigurationList section */
		8E4CB36728755FD60033AD85 /* Build configuration list for PBXProject "TheFellowshipOfAnts" */ = {
			isa = XCConfigurationList;
			buildConfigurations = (
				8E4CB37E28755FD70033AD85 /* Debug */,
				8E4CB37F28755FD70033AD85 /* Release */,
			);
			defaultConfigurationIsVisible = 0;
			defaultConfigurationName = Release;
		};
		8E4CB38028755FD70033AD85 /* Build configuration list for PBXNativeTarget "TheFellowshipOfAnts" */ = {
			isa = XCConfigurationList;
			buildConfigurations = (
				8E4CB38128755FD70033AD85 /* Debug */,
				8E4CB38228755FD70033AD85 /* Release */,
			);
			defaultConfigurationIsVisible = 0;
			defaultConfigurationName = Release;
		};
/* End XCConfigurationList section */
	};
	rootObject = 8E4CB36428755FD60033AD85 /* Project object */;
}
