// !$*UTF8*$!
{
	archiveVersion = 1;
	classes = {
	};
	objectVersion = 55;
	objects = {

/* Begin PBXBuildFile section */
		8E06F682287E96E80017F435 /* HomeViewController.swift in Sources */ = {isa = PBXBuildFile; fileRef = 8E06F681287E96E80017F435 /* HomeViewController.swift */; };
		8E06F684287E96F60017F435 /* SearchViewController.swift in Sources */ = {isa = PBXBuildFile; fileRef = 8E06F683287E96F60017F435 /* SearchViewController.swift */; };
		8E06F686287E97020017F435 /* ChatViewController.swift in Sources */ = {isa = PBXBuildFile; fileRef = 8E06F685287E97020017F435 /* ChatViewController.swift */; };
		8E06F688287E970C0017F435 /* ProfileViewController.swift in Sources */ = {isa = PBXBuildFile; fileRef = 8E06F687287E970C0017F435 /* ProfileViewController.swift */; };
		8E06F68A287EADE60017F435 /* IndexModel.swift in Sources */ = {isa = PBXBuildFile; fileRef = 8E06F689287EADE60017F435 /* IndexModel.swift */; };
		8E06F68D287EB5830017F435 /* IndexService.swift in Sources */ = {isa = PBXBuildFile; fileRef = 8E06F68C287EB5830017F435 /* IndexService.swift */; };
		8E251D752887925400694346 /* IndicesSectionView.swift in Sources */ = {isa = PBXBuildFile; fileRef = 8E251D742887925400694346 /* IndicesSectionView.swift */; };
		8E251D772887931D00694346 /* IndexCollectionViewCell.swift in Sources */ = {isa = PBXBuildFile; fileRef = 8E251D762887931D00694346 /* IndexCollectionViewCell.swift */; };
		8E251D7A288794B000694346 /* IndexChartView.swift in Sources */ = {isa = PBXBuildFile; fileRef = 8E251D79288794B000694346 /* IndexChartView.swift */; };
		8E251D7E28879A9E00694346 /* UITextFieldExtension.swift in Sources */ = {isa = PBXBuildFile; fileRef = 8E251D7D28879A9E00694346 /* UITextFieldExtension.swift */; };
		8E251D8028879AC900694346 /* UIFontExtension.swift in Sources */ = {isa = PBXBuildFile; fileRef = 8E251D7F28879AC900694346 /* UIFontExtension.swift */; };
		8E4CB37028755FD60033AD85 /* AppDelegate.swift in Sources */ = {isa = PBXBuildFile; fileRef = 8E4CB36F28755FD60033AD85 /* AppDelegate.swift */; };
		8E4CB37228755FD60033AD85 /* SceneDelegate.swift in Sources */ = {isa = PBXBuildFile; fileRef = 8E4CB37128755FD60033AD85 /* SceneDelegate.swift */; };
		8E4CB37428755FD60033AD85 /* LoginViewController.swift in Sources */ = {isa = PBXBuildFile; fileRef = 8E4CB37328755FD60033AD85 /* LoginViewController.swift */; };
		8E4CB37928755FD70033AD85 /* Assets.xcassets in Resources */ = {isa = PBXBuildFile; fileRef = 8E4CB37828755FD70033AD85 /* Assets.xcassets */; };
		8E4CB37C28755FD70033AD85 /* LaunchScreen.storyboard in Resources */ = {isa = PBXBuildFile; fileRef = 8E4CB37A28755FD70033AD85 /* LaunchScreen.storyboard */; };
		8E5B087E28894F2400107C2E /* DividerView.swift in Sources */ = {isa = PBXBuildFile; fileRef = 8E5B087D28894F2400107C2E /* DividerView.swift */; };
		8E81F549288A2E5600514D8C /* MajorCommoditiesSectionView.swift in Sources */ = {isa = PBXBuildFile; fileRef = 8E81F548288A2E5600514D8C /* MajorCommoditiesSectionView.swift */; };
		8E81F54B288A4F1400514D8C /* MajorCommodityCollectionViewCell.swift in Sources */ = {isa = PBXBuildFile; fileRef = 8E81F54A288A4F1400514D8C /* MajorCommodityCollectionViewCell.swift */; };
		8E81F54E288ABCF100514D8C /* MajorETFSectionView.swift in Sources */ = {isa = PBXBuildFile; fileRef = 8E81F54D288ABCF100514D8C /* MajorETFSectionView.swift */; };
		8E81F550288ABCFF00514D8C /* MajorETFCollectionViewCell.swift in Sources */ = {isa = PBXBuildFile; fileRef = 8E81F54F288ABCFF00514D8C /* MajorETFCollectionViewCell.swift */; };
		8E81F560288CDEF200514D8C /* UILabelExtension.swift in Sources */ = {isa = PBXBuildFile; fileRef = 8E81F55F288CDEF200514D8C /* UILabelExtension.swift */; };
		8E89DBCC289169000043FF8D /* SearchingItemCell.swift in Sources */ = {isa = PBXBuildFile; fileRef = 8E89DBCB289169000043FF8D /* SearchingItemCell.swift */; };
		8E9B2BC02895629F007B4196 /* SettingsViewController.swift in Sources */ = {isa = PBXBuildFile; fileRef = 8E9B2BBF2895629F007B4196 /* SettingsViewController.swift */; };
		8E9B2BC32895635A007B4196 /* DefaultSettingSectionView.swift in Sources */ = {isa = PBXBuildFile; fileRef = 8E9B2BC22895635A007B4196 /* DefaultSettingSectionView.swift */; };
		8E9B2BC5289563F4007B4196 /* UserManagerSectionView.swift in Sources */ = {isa = PBXBuildFile; fileRef = 8E9B2BC4289563F4007B4196 /* UserManagerSectionView.swift */; };
		8E9B2BC728956492007B4196 /* SettingTableViewCell.swift in Sources */ = {isa = PBXBuildFile; fileRef = 8E9B2BC628956492007B4196 /* SettingTableViewCell.swift */; };
		8E9B2BC92895670C007B4196 /* SettingInfo.swift in Sources */ = {isa = PBXBuildFile; fileRef = 8E9B2BC82895670C007B4196 /* SettingInfo.swift */; };
		8EA2D55D28792E6A00163D6A /* GoogleService-Info.plist in Resources */ = {isa = PBXBuildFile; fileRef = 8EA2D55C28792E6A00163D6A /* GoogleService-Info.plist */; };
		8EA4A3BA2887DD39009E8161 /* StockRankSectionView.swift in Sources */ = {isa = PBXBuildFile; fileRef = 8EA4A3B92887DD39009E8161 /* StockRankSectionView.swift */; };
		8EA4A3BC2887DD73009E8161 /* StockRankCollectionViewCell.swift in Sources */ = {isa = PBXBuildFile; fileRef = 8EA4A3BB2887DD73009E8161 /* StockRankCollectionViewCell.swift */; };
		8EA71042289016BA008E08F0 /* RecentSearchListView.swift in Sources */ = {isa = PBXBuildFile; fileRef = 8EA71041289016BA008E08F0 /* RecentSearchListView.swift */; };
		8EA7104528901780008E08F0 /* UIViewExtension.swift in Sources */ = {isa = PBXBuildFile; fileRef = 8EA7104428901780008E08F0 /* UIViewExtension.swift */; };
		8EA7104728901A00008E08F0 /* RecentSearchCell.swift in Sources */ = {isa = PBXBuildFile; fileRef = 8EA7104628901A00008E08F0 /* RecentSearchCell.swift */; };
		8EA4B54028B5E11500AB5D1D /* SnapKit in Frameworks */ = {isa = PBXBuildFile; productRef = 8EA4B53F28B5E11500AB5D1D /* SnapKit */; };
		8EA4B54328B5E12700AB5D1D /* RxCocoa in Frameworks */ = {isa = PBXBuildFile; productRef = 8EA4B54228B5E12700AB5D1D /* RxCocoa */; };
		8EA4B54528B5E12700AB5D1D /* RxSwift in Frameworks */ = {isa = PBXBuildFile; productRef = 8EA4B54428B5E12700AB5D1D /* RxSwift */; };
		8EA4B54828B5E18C00AB5D1D /* KakaoSDK in Frameworks */ = {isa = PBXBuildFile; productRef = 8EA4B54728B5E18C00AB5D1D /* KakaoSDK */; };
		8EA4B54A28B5E18C00AB5D1D /* KakaoSDKAuth in Frameworks */ = {isa = PBXBuildFile; productRef = 8EA4B54928B5E18C00AB5D1D /* KakaoSDKAuth */; };
		8EA4B54C28B5E18C00AB5D1D /* KakaoSDKCommon in Frameworks */ = {isa = PBXBuildFile; productRef = 8EA4B54B28B5E18C00AB5D1D /* KakaoSDKCommon */; };
		8EA4B54E28B5E18C00AB5D1D /* KakaoSDKUser in Frameworks */ = {isa = PBXBuildFile; productRef = 8EA4B54D28B5E18C00AB5D1D /* KakaoSDKUser */; };
		8EA4B55228B5E59700AB5D1D /* FirebaseAuth in Frameworks */ = {isa = PBXBuildFile; productRef = 8EA4B55128B5E59700AB5D1D /* FirebaseAuth */; };
		8EAAA4BD2876BF5700F3D5CC /* TabbarController.swift in Sources */ = {isa = PBXBuildFile; fileRef = 8EAAA4BC2876BF5700F3D5CC /* TabbarController.swift */; };
		8EAAA4C02877244000F3D5CC /* EmailLoginViewController.swift in Sources */ = {isa = PBXBuildFile; fileRef = 8EAAA4BF2877244000F3D5CC /* EmailLoginViewController.swift */; };
		8EAAA4C22877259800F3D5CC /* UIViewControllerExtension.swift in Sources */ = {isa = PBXBuildFile; fileRef = 8EAAA4C12877259800F3D5CC /* UIViewControllerExtension.swift */; };
		8EAAA4C42877382400F3D5CC /* EmailLoginViewModel.swift in Sources */ = {isa = PBXBuildFile; fileRef = 8EAAA4C32877382400F3D5CC /* EmailLoginViewModel.swift */; };
		8EAAA5222877CA2500F3D5CC /* SignupForEmailViewController.swift in Sources */ = {isa = PBXBuildFile; fileRef = 8EAAA5212877CA2500F3D5CC /* SignupForEmailViewController.swift */; };
		8EAAA5252877F98D00F3D5CC /* SignupForEmailViewModel.swift in Sources */ = {isa = PBXBuildFile; fileRef = 8EAAA5242877F98D00F3D5CC /* SignupForEmailViewModel.swift */; };
		8EAC6C1528A5F48900ECF5DD /* UICollectionviewExtension.swift in Sources */ = {isa = PBXBuildFile; fileRef = 8EAC6C1428A5F48900ECF5DD /* UICollectionviewExtension.swift */; };
		8EBF8E33289A48FA005C2800 /* ChatHeaderView.swift in Sources */ = {isa = PBXBuildFile; fileRef = 8EBF8E32289A48FA005C2800 /* ChatHeaderView.swift */; };
		8EBF8E35289A49D2005C2800 /* ChatListView.swift in Sources */ = {isa = PBXBuildFile; fileRef = 8EBF8E34289A49D2005C2800 /* ChatListView.swift */; };
		8EBF8E38289A5183005C2800 /* ChatCell.swift in Sources */ = {isa = PBXBuildFile; fileRef = 8EBF8E37289A5183005C2800 /* ChatCell.swift */; };
		8EC07F40289CB52500094711 /* MessagesViewController.swift in Sources */ = {isa = PBXBuildFile; fileRef = 8EC07F3F289CB52500094711 /* MessagesViewController.swift */; };
		8EC07F43289CC52500094711 /* InputTextContainerView.swift in Sources */ = {isa = PBXBuildFile; fileRef = 8EC07F42289CC52500094711 /* InputTextContainerView.swift */; };
		8EC07F45289CC5D100094711 /* MessagesView.swift in Sources */ = {isa = PBXBuildFile; fileRef = 8EC07F44289CC5D100094711 /* MessagesView.swift */; };
		8EC07F47289CC63000094711 /* MyMessageCell.swift in Sources */ = {isa = PBXBuildFile; fileRef = 8EC07F46289CC63000094711 /* MyMessageCell.swift */; };
		8EC07F49289CC66400094711 /* YourMessageCell.swift in Sources */ = {isa = PBXBuildFile; fileRef = 8EC07F48289CC66400094711 /* YourMessageCell.swift */; };
		8ED0B77328A4DBB000B10346 /* KeyboardHandler.swift in Sources */ = {isa = PBXBuildFile; fileRef = 8ED0B77228A4DBB000B10346 /* KeyboardHandler.swift */; };
		8EE1983C2892B5340024DC00 /* ProfileSectionView.swift in Sources */ = {isa = PBXBuildFile; fileRef = 8EE1983B2892B5340024DC00 /* ProfileSectionView.swift */; };
		F0AAD3A2362C71D8A463C638 /* Pods_TheFellowshipOfAnts.framework in Frameworks */ = {isa = PBXBuildFile; fileRef = 7CB984A0433A8D03D5F72A69 /* Pods_TheFellowshipOfAnts.framework */; };
		8EAD1FEF28AFB77700288624 /* Kingfisher in Frameworks */ = {isa = PBXBuildFile; productRef = 8EAD1FEE28AFB77700288624 /* Kingfisher */; };
		8ED9D77D28ADD13A006A7F94 /* LoginView.swift in Sources */ = {isa = PBXBuildFile; fileRef = 8ED9D77C28ADD13A006A7F94 /* LoginView.swift */; };
		8EDDC298287A720D00FA025D /* SignupForEmailModel.swift in Sources */ = {isa = PBXBuildFile; fileRef = 8EDDC297287A720D00FA025D /* SignupForEmailModel.swift */; };
		8EDDC29F287C01F600FA025D /* User.swift in Sources */ = {isa = PBXBuildFile; fileRef = 8EDDC29E287C01F600FA025D /* User.swift */; };
/* End PBXBuildFile section */

/* Begin PBXFileReference section */
		8E06F681287E96E80017F435 /* HomeViewController.swift */ = {isa = PBXFileReference; lastKnownFileType = sourcecode.swift; path = HomeViewController.swift; sourceTree = "<group>"; };
		8E06F683287E96F60017F435 /* SearchViewController.swift */ = {isa = PBXFileReference; lastKnownFileType = sourcecode.swift; path = SearchViewController.swift; sourceTree = "<group>"; };
		8E06F685287E97020017F435 /* ChatViewController.swift */ = {isa = PBXFileReference; lastKnownFileType = sourcecode.swift; path = ChatViewController.swift; sourceTree = "<group>"; };
		8E06F687287E970C0017F435 /* ProfileViewController.swift */ = {isa = PBXFileReference; lastKnownFileType = sourcecode.swift; path = ProfileViewController.swift; sourceTree = "<group>"; };
		8E06F689287EADE60017F435 /* IndexModel.swift */ = {isa = PBXFileReference; lastKnownFileType = sourcecode.swift; path = IndexModel.swift; sourceTree = "<group>"; };
		8E06F68C287EB5830017F435 /* IndexService.swift */ = {isa = PBXFileReference; lastKnownFileType = sourcecode.swift; path = IndexService.swift; sourceTree = "<group>"; };
		8E251D742887925400694346 /* IndicesSectionView.swift */ = {isa = PBXFileReference; lastKnownFileType = sourcecode.swift; path = IndicesSectionView.swift; sourceTree = "<group>"; };
		8E251D762887931D00694346 /* IndexCollectionViewCell.swift */ = {isa = PBXFileReference; lastKnownFileType = sourcecode.swift; path = IndexCollectionViewCell.swift; sourceTree = "<group>"; };
		8E251D79288794B000694346 /* IndexChartView.swift */ = {isa = PBXFileReference; lastKnownFileType = sourcecode.swift; path = IndexChartView.swift; sourceTree = "<group>"; };
		8E251D7D28879A9E00694346 /* UITextFieldExtension.swift */ = {isa = PBXFileReference; lastKnownFileType = sourcecode.swift; path = UITextFieldExtension.swift; sourceTree = "<group>"; };
		8E251D7F28879AC900694346 /* UIFontExtension.swift */ = {isa = PBXFileReference; lastKnownFileType = sourcecode.swift; path = UIFontExtension.swift; sourceTree = "<group>"; };
		8E4CB36C28755FD60033AD85 /* TheFellowshipOfAnts.app */ = {isa = PBXFileReference; explicitFileType = wrapper.application; includeInIndex = 0; path = TheFellowshipOfAnts.app; sourceTree = BUILT_PRODUCTS_DIR; };
		8E4CB36F28755FD60033AD85 /* AppDelegate.swift */ = {isa = PBXFileReference; lastKnownFileType = sourcecode.swift; path = AppDelegate.swift; sourceTree = "<group>"; };
		8E4CB37128755FD60033AD85 /* SceneDelegate.swift */ = {isa = PBXFileReference; lastKnownFileType = sourcecode.swift; path = SceneDelegate.swift; sourceTree = "<group>"; };
		8E4CB37328755FD60033AD85 /* LoginViewController.swift */ = {isa = PBXFileReference; lastKnownFileType = sourcecode.swift; path = LoginViewController.swift; sourceTree = "<group>"; };
		8E4CB37828755FD70033AD85 /* Assets.xcassets */ = {isa = PBXFileReference; lastKnownFileType = folder.assetcatalog; path = Assets.xcassets; sourceTree = "<group>"; };
		8E4CB37B28755FD70033AD85 /* Base */ = {isa = PBXFileReference; lastKnownFileType = file.storyboard; name = Base; path = Base.lproj/LaunchScreen.storyboard; sourceTree = "<group>"; };
		8E4CB37D28755FD70033AD85 /* Info.plist */ = {isa = PBXFileReference; lastKnownFileType = text.plist.xml; path = Info.plist; sourceTree = "<group>"; };
		8E5B087D28894F2400107C2E /* DividerView.swift */ = {isa = PBXFileReference; lastKnownFileType = sourcecode.swift; path = DividerView.swift; sourceTree = "<group>"; };
		8E81F548288A2E5600514D8C /* MajorCommoditiesSectionView.swift */ = {isa = PBXFileReference; lastKnownFileType = sourcecode.swift; path = MajorCommoditiesSectionView.swift; sourceTree = "<group>"; };
		8E81F54A288A4F1400514D8C /* MajorCommodityCollectionViewCell.swift */ = {isa = PBXFileReference; lastKnownFileType = sourcecode.swift; path = MajorCommodityCollectionViewCell.swift; sourceTree = "<group>"; };
		8E81F54D288ABCF100514D8C /* MajorETFSectionView.swift */ = {isa = PBXFileReference; lastKnownFileType = sourcecode.swift; path = MajorETFSectionView.swift; sourceTree = "<group>"; };
		8E81F54F288ABCFF00514D8C /* MajorETFCollectionViewCell.swift */ = {isa = PBXFileReference; lastKnownFileType = sourcecode.swift; path = MajorETFCollectionViewCell.swift; sourceTree = "<group>"; };
		8E81F55F288CDEF200514D8C /* UILabelExtension.swift */ = {isa = PBXFileReference; lastKnownFileType = sourcecode.swift; path = UILabelExtension.swift; sourceTree = "<group>"; };
		8E89DBCB289169000043FF8D /* SearchingItemCell.swift */ = {isa = PBXFileReference; lastKnownFileType = sourcecode.swift; name = SearchingItemCell.swift; path = SubComponents/SearchingItemCell.swift; sourceTree = "<group>"; };
		8E9B2BBF2895629F007B4196 /* SettingsViewController.swift */ = {isa = PBXFileReference; lastKnownFileType = sourcecode.swift; path = SettingsViewController.swift; sourceTree = "<group>"; };
		8E9B2BC22895635A007B4196 /* DefaultSettingSectionView.swift */ = {isa = PBXFileReference; lastKnownFileType = sourcecode.swift; path = DefaultSettingSectionView.swift; sourceTree = "<group>"; };
		8E9B2BC4289563F4007B4196 /* UserManagerSectionView.swift */ = {isa = PBXFileReference; lastKnownFileType = sourcecode.swift; path = UserManagerSectionView.swift; sourceTree = "<group>"; };
		8E9B2BC628956492007B4196 /* SettingTableViewCell.swift */ = {isa = PBXFileReference; lastKnownFileType = sourcecode.swift; path = SettingTableViewCell.swift; sourceTree = "<group>"; };
		8E9B2BC82895670C007B4196 /* SettingInfo.swift */ = {isa = PBXFileReference; lastKnownFileType = sourcecode.swift; path = SettingInfo.swift; sourceTree = "<group>"; };
		8EA2D55C28792E6A00163D6A /* GoogleService-Info.plist */ = {isa = PBXFileReference; fileEncoding = 4; lastKnownFileType = text.plist.xml; path = "GoogleService-Info.plist"; sourceTree = "<group>"; };
		8EA4A3B92887DD39009E8161 /* StockRankSectionView.swift */ = {isa = PBXFileReference; lastKnownFileType = sourcecode.swift; path = StockRankSectionView.swift; sourceTree = "<group>"; };
		8EA4A3BB2887DD73009E8161 /* StockRankCollectionViewCell.swift */ = {isa = PBXFileReference; lastKnownFileType = sourcecode.swift; path = StockRankCollectionViewCell.swift; sourceTree = "<group>"; };
		8EA71041289016BA008E08F0 /* RecentSearchListView.swift */ = {isa = PBXFileReference; lastKnownFileType = sourcecode.swift; path = RecentSearchListView.swift; sourceTree = "<group>"; };
		8EA7104428901780008E08F0 /* UIViewExtension.swift */ = {isa = PBXFileReference; lastKnownFileType = sourcecode.swift; path = UIViewExtension.swift; sourceTree = "<group>"; };
		8EA7104628901A00008E08F0 /* RecentSearchCell.swift */ = {isa = PBXFileReference; lastKnownFileType = sourcecode.swift; path = RecentSearchCell.swift; sourceTree = "<group>"; };
		8EAAA4BC2876BF5700F3D5CC /* TabbarController.swift */ = {isa = PBXFileReference; lastKnownFileType = sourcecode.swift; path = TabbarController.swift; sourceTree = "<group>"; };
		8EAAA4BF2877244000F3D5CC /* EmailLoginViewController.swift */ = {isa = PBXFileReference; lastKnownFileType = sourcecode.swift; path = EmailLoginViewController.swift; sourceTree = "<group>"; };
		8EAAA4C12877259800F3D5CC /* UIViewControllerExtension.swift */ = {isa = PBXFileReference; lastKnownFileType = sourcecode.swift; path = UIViewControllerExtension.swift; sourceTree = "<group>"; };
		8EAAA4C32877382400F3D5CC /* EmailLoginViewModel.swift */ = {isa = PBXFileReference; lastKnownFileType = sourcecode.swift; path = EmailLoginViewModel.swift; sourceTree = "<group>"; };
		8EAAA5212877CA2500F3D5CC /* SignupForEmailViewController.swift */ = {isa = PBXFileReference; lastKnownFileType = sourcecode.swift; path = SignupForEmailViewController.swift; sourceTree = "<group>"; };
		8EAAA5242877F98D00F3D5CC /* SignupForEmailViewModel.swift */ = {isa = PBXFileReference; lastKnownFileType = sourcecode.swift; path = SignupForEmailViewModel.swift; sourceTree = "<group>"; };
		8EAC6C1428A5F48900ECF5DD /* UICollectionviewExtension.swift */ = {isa = PBXFileReference; lastKnownFileType = sourcecode.swift; path = UICollectionviewExtension.swift; sourceTree = "<group>"; };
		8EBF8E32289A48FA005C2800 /* ChatHeaderView.swift */ = {isa = PBXFileReference; lastKnownFileType = sourcecode.swift; path = ChatHeaderView.swift; sourceTree = "<group>"; };
		8EBF8E34289A49D2005C2800 /* ChatListView.swift */ = {isa = PBXFileReference; lastKnownFileType = sourcecode.swift; path = ChatListView.swift; sourceTree = "<group>"; };
		8EBF8E37289A5183005C2800 /* ChatCell.swift */ = {isa = PBXFileReference; lastKnownFileType = sourcecode.swift; path = ChatCell.swift; sourceTree = "<group>"; };
		8EC07F3F289CB52500094711 /* MessagesViewController.swift */ = {isa = PBXFileReference; lastKnownFileType = sourcecode.swift; path = MessagesViewController.swift; sourceTree = "<group>"; };
		8EC07F42289CC52500094711 /* InputTextContainerView.swift */ = {isa = PBXFileReference; lastKnownFileType = sourcecode.swift; path = InputTextContainerView.swift; sourceTree = "<group>"; };
		8EC07F44289CC5D100094711 /* MessagesView.swift */ = {isa = PBXFileReference; lastKnownFileType = sourcecode.swift; path = MessagesView.swift; sourceTree = "<group>"; };
		8EC07F46289CC63000094711 /* MyMessageCell.swift */ = {isa = PBXFileReference; lastKnownFileType = sourcecode.swift; path = MyMessageCell.swift; sourceTree = "<group>"; };
		8EC07F48289CC66400094711 /* YourMessageCell.swift */ = {isa = PBXFileReference; lastKnownFileType = sourcecode.swift; path = YourMessageCell.swift; sourceTree = "<group>"; };
		8ED0B77228A4DBB000B10346 /* KeyboardHandler.swift */ = {isa = PBXFileReference; lastKnownFileType = sourcecode.swift; path = KeyboardHandler.swift; sourceTree = "<group>"; };
		8ED9D77C28ADD13A006A7F94 /* LoginView.swift */ = {isa = PBXFileReference; lastKnownFileType = sourcecode.swift; path = LoginView.swift; sourceTree = "<group>"; };
		8EDDC297287A720D00FA025D /* SignupForEmailModel.swift */ = {isa = PBXFileReference; lastKnownFileType = sourcecode.swift; path = SignupForEmailModel.swift; sourceTree = "<group>"; };
		8EDDC29E287C01F600FA025D /* User.swift */ = {isa = PBXFileReference; lastKnownFileType = sourcecode.swift; path = User.swift; sourceTree = "<group>"; };
		8EE1983B2892B5340024DC00 /* ProfileSectionView.swift */ = {isa = PBXFileReference; lastKnownFileType = sourcecode.swift; path = ProfileSectionView.swift; sourceTree = "<group>"; };
/* End PBXFileReference section */

/* Begin PBXFrameworksBuildPhase section */
		8E4CB36928755FD60033AD85 /* Frameworks */ = {
			isa = PBXFrameworksBuildPhase;
			buildActionMask = 2147483647;
			files = (
				8EA4B54C28B5E18C00AB5D1D /* KakaoSDKCommon in Frameworks */,
				8EA4B55228B5E59700AB5D1D /* FirebaseAuth in Frameworks */,
				8EA4B54A28B5E18C00AB5D1D /* KakaoSDKAuth in Frameworks */,
				8EA4B54028B5E11500AB5D1D /* SnapKit in Frameworks */,
				8EAD1FEF28AFB77700288624 /* Kingfisher in Frameworks */,
				8EA4B54528B5E12700AB5D1D /* RxSwift in Frameworks */,
				8EA4B54328B5E12700AB5D1D /* RxCocoa in Frameworks */,
				8EA4B54828B5E18C00AB5D1D /* KakaoSDK in Frameworks */,
				8EA4B54E28B5E18C00AB5D1D /* KakaoSDKUser in Frameworks */,
			);
			runOnlyForDeploymentPostprocessing = 0;
		};
/* End PBXFrameworksBuildPhase section */

/* Begin PBXGroup section */
		44E6CA64D219C96C23AE5325 /* Pods */ = {
			isa = PBXGroup;
			children = (
			);
			path = Pods;
			sourceTree = "<group>";
		};
		8E06F67D287E80580017F435 /* Home */ = {
			isa = PBXGroup;
			children = (
				8E06F681287E96E80017F435 /* HomeViewController.swift */,
				8E251D73288791BD00694346 /* SubComponents */,
			);
			path = Home;
			sourceTree = "<group>";
		};
		8E06F67E287E80610017F435 /* Search */ = {
			isa = PBXGroup;
			children = (
				8E06F683287E96F60017F435 /* SearchViewController.swift */,
				8E89DBCB289169000043FF8D /* SearchingItemCell.swift */,
				8EA71043289016CE008E08F0 /* SubComponents */,
			);
			path = Search;
			sourceTree = "<group>";
		};
		8E06F67F287E806C0017F435 /* Chat */ = {
			isa = PBXGroup;
			children = (
				8E06F685287E97020017F435 /* ChatViewController.swift */,
				8EBF8E36289A49E7005C2800 /* SubComponents */,
			);
			path = Chat;
			sourceTree = "<group>";
		};
		8E06F680287E80740017F435 /* Profile */ = {
			isa = PBXGroup;
			children = (
				8E06F687287E970C0017F435 /* ProfileViewController.swift */,
				8E9B2BBB28956253007B4196 /* SubComponents */,
			);
			path = Profile;
			sourceTree = "<group>";
		};
		8E06F68B287EB5360017F435 /* Services */ = {
			isa = PBXGroup;
			children = (
			);
			path = Services;
			sourceTree = "<group>";
		};
		8E251D73288791BD00694346 /* SubComponents */ = {
			isa = PBXGroup;
			children = (
				8E251D782887932E00694346 /* IndicesSection */,
				8EA4A3B62887C9FF009E8161 /* StockRankSection */,
				8EA4A3B72887CA1D009E8161 /* MajorCommoditiesSection */,
				8E81F54C288A8BBE00514D8C /* MajorETFSection */,
				8EA4A3B82887CA2E009E8161 /* FeerGreedSection */,
			);
			path = SubComponents;
			sourceTree = "<group>";
		};
		8E251D782887932E00694346 /* IndicesSection */ = {
			isa = PBXGroup;
			children = (
				8E251D742887925400694346 /* IndicesSectionView.swift */,
				8E251D762887931D00694346 /* IndexCollectionViewCell.swift */,
				8E251D79288794B000694346 /* IndexChartView.swift */,
			);
			path = IndicesSection;
			sourceTree = "<group>";
		};
		8E4CB36328755FD60033AD85 = {
			isa = PBXGroup;
			children = (
				8E4CB36E28755FD60033AD85 /* TheFellowshipOfAnts */,
				8E4CB36D28755FD60033AD85 /* Products */,
				44E6CA64D219C96C23AE5325 /* Pods */,
			);
			sourceTree = "<group>";
		};
		8E4CB36D28755FD60033AD85 /* Products */ = {
			isa = PBXGroup;
			children = (
				8E4CB36C28755FD60033AD85 /* TheFellowshipOfAnts.app */,
			);
			name = Products;
			sourceTree = "<group>";
		};
		8E4CB36E28755FD60033AD85 /* TheFellowshipOfAnts */ = {
			isa = PBXGroup;
			children = (
				8E4CB36F28755FD60033AD85 /* AppDelegate.swift */,
				8E4CB37128755FD60033AD85 /* SceneDelegate.swift */,
				8EAAA4BC2876BF5700F3D5CC /* TabbarController.swift */,
				8EDDC29A287C017A00FA025D /* Resources */,
				8EDDC29B287C019D00FA025D /* Extensions */,
				8EAAA4C12877259800F3D5CC /* Extensions.swift */,
				8E06F68B287EB5360017F435 /* Services */,
				8E06F68C287EB5830017F435 /* IndexService.swift */,
				8EDDC299287C017400FA025D /* Model */,
				8EAAA4BE2876C60200F3D5CC /* Login */,
				8E06F67D287E80580017F435 /* Home */,
				8E06F67E287E80610017F435 /* Search */,
				8E06F67F287E806C0017F435 /* Chat */,
				8E06F680287E80740017F435 /* Profile */,
				8EA2D55C28792E6A00163D6A /* GoogleService-Info.plist */,
				8E4CB37D28755FD70033AD85 /* Info.plist */,
				8E4CB37828755FD70033AD85 /* Assets.xcassets */,
				8E4CB37A28755FD70033AD85 /* LaunchScreen.storyboard */,
			);
			path = TheFellowshipOfAnts;
			sourceTree = "<group>";
		};
		8EAAA4BE2876C60200F3D5CC /* Login */ = {
			isa = PBXGroup;
			children = (
				8EDDC296287A664D00FA025D /* LoginViewController */,
				8EAAA4C52877382800F3D5CC /* EmailLoginViewController */,
				8EAAA5232877CA4600F3D5CC /* SignUpForEmailViewController */,
			);
			path = Login;
			sourceTree = "<group>";
		};
		8EAAA4C52877382800F3D5CC /* EmailLoginViewController */ = {
			isa = PBXGroup;
			children = (
				8EAAA4BF2877244000F3D5CC /* EmailLoginViewController.swift */,
				8EAAA4C32877382400F3D5CC /* EmailLoginViewModel.swift */,
			);
			path = EmailLoginViewController;
			sourceTree = "<group>";
		};
		8EAAA5232877CA4600F3D5CC /* SignUpForEmailViewController */ = {
			isa = PBXGroup;
			children = (
				8EAAA5212877CA2500F3D5CC /* SignupForEmailViewController.swift */,
				8EAAA5242877F98D00F3D5CC /* SignupForEmailViewModel.swift */,
				8EDDC297287A720D00FA025D /* SignupForEmailModel.swift */,
			);
			path = SignUpForEmailViewController;
			sourceTree = "<group>";
		};
		8ED9D77E28ADD140006A7F94 /* Views */ = {
			isa = PBXGroup;
			children = (
				8ED9D77C28ADD13A006A7F94 /* LoginView.swift */,
			);
			path = Views;
			sourceTree = "<group>";
		};
		8ED9D77F28ADD145006A7F94 /* ViewModel */ = {
			isa = PBXGroup;
			children = (
			);
			path = ViewModel;
			sourceTree = "<group>";
		};
		8EDDC296287A664D00FA025D /* LoginViewController */ = {
			isa = PBXGroup;
			children = (
				8E4CB37328755FD60033AD85 /* LoginViewController.swift */,
				8ED9D77F28ADD145006A7F94 /* ViewModel */,
				8ED9D77E28ADD140006A7F94 /* Views */,
			);
			path = LoginViewController;
			sourceTree = "<group>";
		};
		8EDDC299287C017400FA025D /* Models */ = {
			isa = PBXGroup;
			children = (
				8EDDC29E287C01F600FA025D /* User.swift */,
				8E06F689287EADE60017F435 /* IndexModel.swift */,
				8E9B2BC82895670C007B4196 /* SettingInfo.swift */,
			);
			path = Models;
			sourceTree = "<group>";
		};
		8EDDC29A287C017A00FA025D /* Resources */ = {
			isa = PBXGroup;
			children = (
			);
			path = Resources;
			sourceTree = "<group>";
		};
		8EDDC29B287C019D00FA025D /* Extensions */ = {
			isa = PBXGroup;
			children = (
			);
			path = Extensions;
			sourceTree = "<group>";
		};
/* End PBXGroup section */

/* Begin PBXNativeTarget section */
		8E4CB36B28755FD60033AD85 /* TheFellowshipOfAnts */ = {
			isa = PBXNativeTarget;
			buildConfigurationList = 8E4CB38028755FD70033AD85 /* Build configuration list for PBXNativeTarget "TheFellowshipOfAnts" */;
			buildPhases = (
				8E4CB36828755FD60033AD85 /* Sources */,
				8E4CB36928755FD60033AD85 /* Frameworks */,
				8E4CB36A28755FD60033AD85 /* Resources */,
			);
			buildRules = (
			);
			dependencies = (
			);
			name = TheFellowshipOfAnts;
			packageProductDependencies = (
				8EAD1FEE28AFB77700288624 /* Kingfisher */,
				8EA4B53F28B5E11500AB5D1D /* SnapKit */,
				8EA4B54228B5E12700AB5D1D /* RxCocoa */,
				8EA4B54428B5E12700AB5D1D /* RxSwift */,
				8EA4B54728B5E18C00AB5D1D /* KakaoSDK */,
				8EA4B54928B5E18C00AB5D1D /* KakaoSDKAuth */,
				8EA4B54B28B5E18C00AB5D1D /* KakaoSDKCommon */,
				8EA4B54D28B5E18C00AB5D1D /* KakaoSDKUser */,
				8EA4B55128B5E59700AB5D1D /* FirebaseAuth */,
			);
			productName = TheFellowshipOfAnts;
			productReference = 8E4CB36C28755FD60033AD85 /* TheFellowshipOfAnts.app */;
			productType = "com.apple.product-type.application";
		};
/* End PBXNativeTarget section */

/* Begin PBXProject section */
		8E4CB36428755FD60033AD85 /* Project object */ = {
			isa = PBXProject;
			attributes = {
				BuildIndependentTargetsInParallel = 1;
				LastSwiftUpdateCheck = 1340;
				LastUpgradeCheck = 1340;
				TargetAttributes = {
					8E4CB36B28755FD60033AD85 = {
						CreatedOnToolsVersion = 13.4.1;
					};
				};
			};
			buildConfigurationList = 8E4CB36728755FD60033AD85 /* Build configuration list for PBXProject "TheFellowshipOfAnts" */;
			compatibilityVersion = "Xcode 13.0";
			developmentRegion = en;
			hasScannedForEncodings = 0;
			knownRegions = (
				en,
				Base,
			);
			mainGroup = 8E4CB36328755FD60033AD85;
			packageReferences = (
				8EAD1FED28AFB77700288624 /* XCRemoteSwiftPackageReference "Kingfisher.git" */,
				8EA4B53E28B5E11500AB5D1D /* XCRemoteSwiftPackageReference "SnapKit.git" */,
				8EA4B54128B5E12700AB5D1D /* XCRemoteSwiftPackageReference "RxSwift.git" */,
				8EA4B54628B5E18C00AB5D1D /* XCRemoteSwiftPackageReference "kakao-ios-sdk" */,
				8EA4B55028B5E59700AB5D1D /* XCRemoteSwiftPackageReference "firebase-ios-sdk.git" */,
			);
			productRefGroup = 8E4CB36D28755FD60033AD85 /* Products */;
			projectDirPath = "";
			projectRoot = "";
			targets = (
				8E4CB36B28755FD60033AD85 /* TheFellowshipOfAnts */,
			);
		};
/* End PBXProject section */

/* Begin PBXResourcesBuildPhase section */
		8E4CB36A28755FD60033AD85 /* Resources */ = {
			isa = PBXResourcesBuildPhase;
			buildActionMask = 2147483647;
			files = (
				8E4CB37C28755FD70033AD85 /* LaunchScreen.storyboard in Resources */,
				8EA2D55D28792E6A00163D6A /* GoogleService-Info.plist in Resources */,
				8E4CB37928755FD70033AD85 /* Assets.xcassets in Resources */,
			);
			runOnlyForDeploymentPostprocessing = 0;
		};
/* End PBXResourcesBuildPhase section */

/* Begin PBXSourcesBuildPhase section */
		8E4CB36828755FD60033AD85 /* Sources */ = {
			isa = PBXSourcesBuildPhase;
			buildActionMask = 2147483647;
			files = (
				8EA7104528901780008E08F0 /* UIViewExtension.swift in Sources */,
				8E251D7A288794B000694346 /* IndexChartView.swift in Sources */,
				8E9B2BC32895635A007B4196 /* DefaultSettingSectionView.swift in Sources */,
				8EDDC29F287C01F600FA025D /* User.swift in Sources */,
				8EC07F49289CC66400094711 /* YourMessageCell.swift in Sources */,
				8EE1983C2892B5340024DC00 /* ProfileSectionView.swift in Sources */,
				8EA4A3BA2887DD39009E8161 /* StockRankSectionView.swift in Sources */,
				8E251D7E28879A9E00694346 /* UITextFieldExtension.swift in Sources */,
				8EC07F43289CC52500094711 /* InputTextContainerView.swift in Sources */,
				8E4CB37428755FD60033AD85 /* LoginViewController.swift in Sources */,
				8EAAA4C02877244000F3D5CC /* EmailLoginViewController.swift in Sources */,
				8E4CB37028755FD60033AD85 /* AppDelegate.swift in Sources */,
				8EBF8E35289A49D2005C2800 /* ChatListView.swift in Sources */,
				8E251D8028879AC900694346 /* UIFontExtension.swift in Sources */,
				8EAC6C1528A5F48900ECF5DD /* UICollectionviewExtension.swift in Sources */,
				8EC07F47289CC63000094711 /* MyMessageCell.swift in Sources */,
				8E81F54B288A4F1400514D8C /* MajorCommodityCollectionViewCell.swift in Sources */,
				8E06F68A287EADE60017F435 /* IndexModel.swift in Sources */,
				8E81F560288CDEF200514D8C /* UILabelExtension.swift in Sources */,
				8E9B2BC92895670C007B4196 /* SettingInfo.swift in Sources */,
				8EA4A3BC2887DD73009E8161 /* StockRankCollectionViewCell.swift in Sources */,
				8EBF8E38289A5183005C2800 /* ChatCell.swift in Sources */,
				8EC07F45289CC5D100094711 /* MessagesView.swift in Sources */,
				8EBF8E33289A48FA005C2800 /* ChatHeaderView.swift in Sources */,
				8E9B2BC5289563F4007B4196 /* UserManagerSectionView.swift in Sources */,
				8E81F550288ABCFF00514D8C /* MajorETFCollectionViewCell.swift in Sources */,
				8EAAA4C22877259800F3D5CC /* Extensions.swift in Sources */,
				8EAAA4BD2876BF5700F3D5CC /* TabbarController.swift in Sources */,
				8EAAA5252877F98D00F3D5CC /* SignupForEmailViewModel.swift in Sources */,
				8ED0B77328A4DBB000B10346 /* KeyboardHandler.swift in Sources */,
				8E251D752887925400694346 /* IndicesSectionView.swift in Sources */,
				8E5B087E28894F2400107C2E /* DividerView.swift in Sources */,
				8E81F549288A2E5600514D8C /* MajorCommoditiesSectionView.swift in Sources */,
				8E06F68D287EB5830017F435 /* IndexService.swift in Sources */,
				8EDDC298287A720D00FA025D /* SignupForEmailModel.swift in Sources */,
				8EA7104728901A00008E08F0 /* RecentSearchCell.swift in Sources */,
				8E06F684287E96F60017F435 /* SearchViewController.swift in Sources */,
				8EAAA5222877CA2500F3D5CC /* SignupForEmailViewController.swift in Sources */,
				8ED9D77D28ADD13A006A7F94 /* LoginView.swift in Sources */,
				8E06F686287E97020017F435 /* ChatViewController.swift in Sources */,
				8EA71042289016BA008E08F0 /* RecentSearchListView.swift in Sources */,
				8E9B2BC728956492007B4196 /* SettingTableViewCell.swift in Sources */,
				8E89DBCC289169000043FF8D /* SearchingItemCell.swift in Sources */,
				8E4CB37228755FD60033AD85 /* SceneDelegate.swift in Sources */,
				8E06F688287E970C0017F435 /* ProfileViewController.swift in Sources */,
				8E81F54E288ABCF100514D8C /* MajorETFSectionView.swift in Sources */,
				8E251D772887931D00694346 /* IndexCollectionViewCell.swift in Sources */,
				8EAAA4C42877382400F3D5CC /* EmailLoginViewModel.swift in Sources */,
				8E06F682287E96E80017F435 /* HomeViewController.swift in Sources */,
				8EC07F40289CB52500094711 /* MessagesViewController.swift in Sources */,
				8E9B2BC02895629F007B4196 /* SettingsViewController.swift in Sources */,
			);
			runOnlyForDeploymentPostprocessing = 0;
		};
/* End PBXSourcesBuildPhase section */

/* Begin PBXVariantGroup section */
		8E4CB37A28755FD70033AD85 /* LaunchScreen.storyboard */ = {
			isa = PBXVariantGroup;
			children = (
				8E4CB37B28755FD70033AD85 /* Base */,
			);
			name = LaunchScreen.storyboard;
			sourceTree = "<group>";
		};
/* End PBXVariantGroup section */

/* Begin XCBuildConfiguration section */
		8E4CB37E28755FD70033AD85 /* Debug */ = {
			isa = XCBuildConfiguration;
			buildSettings = {
				ALWAYS_SEARCH_USER_PATHS = NO;
				CLANG_ANALYZER_NONNULL = YES;
				CLANG_ANALYZER_NUMBER_OBJECT_CONVERSION = YES_AGGRESSIVE;
				CLANG_CXX_LANGUAGE_STANDARD = "gnu++17";
				CLANG_ENABLE_MODULES = YES;
				CLANG_ENABLE_OBJC_ARC = YES;
				CLANG_ENABLE_OBJC_WEAK = YES;
				CLANG_WARN_BLOCK_CAPTURE_AUTORELEASING = YES;
				CLANG_WARN_BOOL_CONVERSION = YES;
				CLANG_WARN_COMMA = YES;
				CLANG_WARN_CONSTANT_CONVERSION = YES;
				CLANG_WARN_DEPRECATED_OBJC_IMPLEMENTATIONS = YES;
				CLANG_WARN_DIRECT_OBJC_ISA_USAGE = YES_ERROR;
				CLANG_WARN_DOCUMENTATION_COMMENTS = YES;
				CLANG_WARN_EMPTY_BODY = YES;
				CLANG_WARN_ENUM_CONVERSION = YES;
				CLANG_WARN_INFINITE_RECURSION = YES;
				CLANG_WARN_INT_CONVERSION = YES;
				CLANG_WARN_NON_LITERAL_NULL_CONVERSION = YES;
				CLANG_WARN_OBJC_IMPLICIT_RETAIN_SELF = YES;
				CLANG_WARN_OBJC_LITERAL_CONVERSION = YES;
				CLANG_WARN_OBJC_ROOT_CLASS = YES_ERROR;
				CLANG_WARN_QUOTED_INCLUDE_IN_FRAMEWORK_HEADER = YES;
				CLANG_WARN_RANGE_LOOP_ANALYSIS = YES;
				CLANG_WARN_STRICT_PROTOTYPES = YES;
				CLANG_WARN_SUSPICIOUS_MOVE = YES;
				CLANG_WARN_UNGUARDED_AVAILABILITY = YES_AGGRESSIVE;
				CLANG_WARN_UNREACHABLE_CODE = YES;
				CLANG_WARN__DUPLICATE_METHOD_MATCH = YES;
				COPY_PHASE_STRIP = NO;
				DEBUG_INFORMATION_FORMAT = dwarf;
				ENABLE_STRICT_OBJC_MSGSEND = YES;
				ENABLE_TESTABILITY = YES;
				GCC_C_LANGUAGE_STANDARD = gnu11;
				GCC_DYNAMIC_NO_PIC = NO;
				GCC_NO_COMMON_BLOCKS = YES;
				GCC_OPTIMIZATION_LEVEL = 0;
				GCC_PREPROCESSOR_DEFINITIONS = (
					"DEBUG=1",
					"$(inherited)",
				);
				GCC_WARN_64_TO_32_BIT_CONVERSION = YES;
				GCC_WARN_ABOUT_RETURN_TYPE = YES_ERROR;
				GCC_WARN_UNDECLARED_SELECTOR = YES;
				GCC_WARN_UNINITIALIZED_AUTOS = YES_AGGRESSIVE;
				GCC_WARN_UNUSED_FUNCTION = YES;
				GCC_WARN_UNUSED_VARIABLE = YES;
				IPHONEOS_DEPLOYMENT_TARGET = 15.5;
				MTL_ENABLE_DEBUG_INFO = INCLUDE_SOURCE;
				MTL_FAST_MATH = YES;
				ONLY_ACTIVE_ARCH = YES;
				SDKROOT = iphoneos;
				SWIFT_ACTIVE_COMPILATION_CONDITIONS = DEBUG;
				SWIFT_OPTIMIZATION_LEVEL = "-Onone";
			};
			name = Debug;
		};
		8E4CB37F28755FD70033AD85 /* Release */ = {
			isa = XCBuildConfiguration;
			buildSettings = {
				ALWAYS_SEARCH_USER_PATHS = NO;
				CLANG_ANALYZER_NONNULL = YES;
				CLANG_ANALYZER_NUMBER_OBJECT_CONVERSION = YES_AGGRESSIVE;
				CLANG_CXX_LANGUAGE_STANDARD = "gnu++17";
				CLANG_ENABLE_MODULES = YES;
				CLANG_ENABLE_OBJC_ARC = YES;
				CLANG_ENABLE_OBJC_WEAK = YES;
				CLANG_WARN_BLOCK_CAPTURE_AUTORELEASING = YES;
				CLANG_WARN_BOOL_CONVERSION = YES;
				CLANG_WARN_COMMA = YES;
				CLANG_WARN_CONSTANT_CONVERSION = YES;
				CLANG_WARN_DEPRECATED_OBJC_IMPLEMENTATIONS = YES;
				CLANG_WARN_DIRECT_OBJC_ISA_USAGE = YES_ERROR;
				CLANG_WARN_DOCUMENTATION_COMMENTS = YES;
				CLANG_WARN_EMPTY_BODY = YES;
				CLANG_WARN_ENUM_CONVERSION = YES;
				CLANG_WARN_INFINITE_RECURSION = YES;
				CLANG_WARN_INT_CONVERSION = YES;
				CLANG_WARN_NON_LITERAL_NULL_CONVERSION = YES;
				CLANG_WARN_OBJC_IMPLICIT_RETAIN_SELF = YES;
				CLANG_WARN_OBJC_LITERAL_CONVERSION = YES;
				CLANG_WARN_OBJC_ROOT_CLASS = YES_ERROR;
				CLANG_WARN_QUOTED_INCLUDE_IN_FRAMEWORK_HEADER = YES;
				CLANG_WARN_RANGE_LOOP_ANALYSIS = YES;
				CLANG_WARN_STRICT_PROTOTYPES = YES;
				CLANG_WARN_SUSPICIOUS_MOVE = YES;
				CLANG_WARN_UNGUARDED_AVAILABILITY = YES_AGGRESSIVE;
				CLANG_WARN_UNREACHABLE_CODE = YES;
				CLANG_WARN__DUPLICATE_METHOD_MATCH = YES;
				COPY_PHASE_STRIP = NO;
				DEBUG_INFORMATION_FORMAT = "dwarf-with-dsym";
				ENABLE_NS_ASSERTIONS = NO;
				ENABLE_STRICT_OBJC_MSGSEND = YES;
				GCC_C_LANGUAGE_STANDARD = gnu11;
				GCC_NO_COMMON_BLOCKS = YES;
				GCC_WARN_64_TO_32_BIT_CONVERSION = YES;
				GCC_WARN_ABOUT_RETURN_TYPE = YES_ERROR;
				GCC_WARN_UNDECLARED_SELECTOR = YES;
				GCC_WARN_UNINITIALIZED_AUTOS = YES_AGGRESSIVE;
				GCC_WARN_UNUSED_FUNCTION = YES;
				GCC_WARN_UNUSED_VARIABLE = YES;
				IPHONEOS_DEPLOYMENT_TARGET = 15.5;
				MTL_ENABLE_DEBUG_INFO = NO;
				MTL_FAST_MATH = YES;
				SDKROOT = iphoneos;
				SWIFT_COMPILATION_MODE = wholemodule;
				SWIFT_OPTIMIZATION_LEVEL = "-O";
				VALIDATE_PRODUCT = YES;
			};
			name = Release;
		};
		8E4CB38128755FD70033AD85 /* Debug */ = {
			isa = XCBuildConfiguration;
			buildSettings = {
				ASSETCATALOG_COMPILER_APPICON_NAME = AppIcon;
				ASSETCATALOG_COMPILER_GLOBAL_ACCENT_COLOR_NAME = AccentColor;
				CODE_SIGN_STYLE = Automatic;
				CURRENT_PROJECT_VERSION = 1;
				DEVELOPMENT_TEAM = VP52T77886;
				GENERATE_INFOPLIST_FILE = YES;
				INFOPLIST_FILE = TheFellowshipOfAnts/Resources/Info.plist;
				INFOPLIST_KEY_UIApplicationSupportsIndirectInputEvents = YES;
				INFOPLIST_KEY_UILaunchStoryboardName = LaunchScreen;
				INFOPLIST_KEY_UISupportedInterfaceOrientations_iPad = "UIInterfaceOrientationPortrait UIInterfaceOrientationPortraitUpsideDown UIInterfaceOrientationLandscapeLeft UIInterfaceOrientationLandscapeRight";
				INFOPLIST_KEY_UISupportedInterfaceOrientations_iPhone = "UIInterfaceOrientationPortrait UIInterfaceOrientationLandscapeLeft UIInterfaceOrientationLandscapeRight";
				LD_RUNPATH_SEARCH_PATHS = (
					"$(inherited)",
					"@executable_path/Frameworks",
				);
				MARKETING_VERSION = 1.0;
				PRODUCT_BUNDLE_IDENTIFIER = com.SeYeong.TheFellowshipOfAnts;
				PRODUCT_NAME = "$(TARGET_NAME)";
				SWIFT_EMIT_LOC_STRINGS = YES;
				SWIFT_VERSION = 5.0;
				TARGETED_DEVICE_FAMILY = "1,2";
			};
			name = Debug;
		};
		8E4CB38228755FD70033AD85 /* Release */ = {
			isa = XCBuildConfiguration;
			buildSettings = {
				ASSETCATALOG_COMPILER_APPICON_NAME = AppIcon;
				ASSETCATALOG_COMPILER_GLOBAL_ACCENT_COLOR_NAME = AccentColor;
				CODE_SIGN_STYLE = Automatic;
				CURRENT_PROJECT_VERSION = 1;
				DEVELOPMENT_TEAM = VP52T77886;
				GENERATE_INFOPLIST_FILE = YES;
				INFOPLIST_FILE = TheFellowshipOfAnts/Resources/Info.plist;
				INFOPLIST_KEY_UIApplicationSupportsIndirectInputEvents = YES;
				INFOPLIST_KEY_UILaunchStoryboardName = LaunchScreen;
				INFOPLIST_KEY_UISupportedInterfaceOrientations_iPad = "UIInterfaceOrientationPortrait UIInterfaceOrientationPortraitUpsideDown UIInterfaceOrientationLandscapeLeft UIInterfaceOrientationLandscapeRight";
				INFOPLIST_KEY_UISupportedInterfaceOrientations_iPhone = "UIInterfaceOrientationPortrait UIInterfaceOrientationLandscapeLeft UIInterfaceOrientationLandscapeRight";
				LD_RUNPATH_SEARCH_PATHS = (
					"$(inherited)",
					"@executable_path/Frameworks",
				);
				MARKETING_VERSION = 1.0;
				PRODUCT_BUNDLE_IDENTIFIER = com.SeYeong.TheFellowshipOfAnts;
				PRODUCT_NAME = "$(TARGET_NAME)";
				SWIFT_EMIT_LOC_STRINGS = YES;
				SWIFT_VERSION = 5.0;
				TARGETED_DEVICE_FAMILY = "1,2";
			};
			name = Release;
		};
/* End XCBuildConfiguration section */

/* Begin XCConfigurationList section */
		8E4CB36728755FD60033AD85 /* Build configuration list for PBXProject "TheFellowshipOfAnts" */ = {
			isa = XCConfigurationList;
			buildConfigurations = (
				8E4CB37E28755FD70033AD85 /* Debug */,
				8E4CB37F28755FD70033AD85 /* Release */,
			);
			defaultConfigurationIsVisible = 0;
			defaultConfigurationName = Release;
		};
		8E4CB38028755FD70033AD85 /* Build configuration list for PBXNativeTarget "TheFellowshipOfAnts" */ = {
			isa = XCConfigurationList;
			buildConfigurations = (
				8E4CB38128755FD70033AD85 /* Debug */,
				8E4CB38228755FD70033AD85 /* Release */,
			);
			defaultConfigurationIsVisible = 0;
			defaultConfigurationName = Release;
		};
/* End XCConfigurationList section */

/* Begin XCRemoteSwiftPackageReference section */
		8EA4B53E28B5E11500AB5D1D /* XCRemoteSwiftPackageReference "SnapKit.git" */ = {
			isa = XCRemoteSwiftPackageReference;
			repositoryURL = "https://github.com/SnapKit/SnapKit.git";
			requirement = {
				kind = upToNextMajorVersion;
				minimumVersion = 5.0.0;
			};
		};
		8EA4B54128B5E12700AB5D1D /* XCRemoteSwiftPackageReference "RxSwift.git" */ = {
			isa = XCRemoteSwiftPackageReference;
			repositoryURL = "https://github.com/ReactiveX/RxSwift.git";
			requirement = {
				kind = upToNextMajorVersion;
				minimumVersion = 6.0.0;
			};
		};
		8EA4B54628B5E18C00AB5D1D /* XCRemoteSwiftPackageReference "kakao-ios-sdk" */ = {
			isa = XCRemoteSwiftPackageReference;
			repositoryURL = "https://github.com/kakao/kakao-ios-sdk";
			requirement = {
				kind = upToNextMajorVersion;
				minimumVersion = 2.0.0;
			};
		};
		8EA4B55028B5E59700AB5D1D /* XCRemoteSwiftPackageReference "firebase-ios-sdk.git" */ = {
			isa = XCRemoteSwiftPackageReference;
			repositoryURL = "https://github.com/firebase/firebase-ios-sdk.git";
			requirement = {
				kind = upToNextMajorVersion;
				minimumVersion = 9.0.0;
			};
		};
		8EAD1FED28AFB77700288624 /* XCRemoteSwiftPackageReference "Kingfisher.git" */ = {
			isa = XCRemoteSwiftPackageReference;
			repositoryURL = "https://github.com/onevcat/Kingfisher.git";
			requirement = {
				kind = upToNextMajorVersion;
				minimumVersion = 7.0.0;
			};
		};
/* End XCRemoteSwiftPackageReference section */

/* Begin XCSwiftPackageProductDependency section */
		8EA4B53F28B5E11500AB5D1D /* SnapKit */ = {
			isa = XCSwiftPackageProductDependency;
			package = 8EA4B53E28B5E11500AB5D1D /* XCRemoteSwiftPackageReference "SnapKit.git" */;
			productName = SnapKit;
		};
		8EA4B54228B5E12700AB5D1D /* RxCocoa */ = {
			isa = XCSwiftPackageProductDependency;
			package = 8EA4B54128B5E12700AB5D1D /* XCRemoteSwiftPackageReference "RxSwift.git" */;
			productName = RxCocoa;
		};
		8EA4B54428B5E12700AB5D1D /* RxSwift */ = {
			isa = XCSwiftPackageProductDependency;
			package = 8EA4B54128B5E12700AB5D1D /* XCRemoteSwiftPackageReference "RxSwift.git" */;
			productName = RxSwift;
		};
		8EA4B54728B5E18C00AB5D1D /* KakaoSDK */ = {
			isa = XCSwiftPackageProductDependency;
			package = 8EA4B54628B5E18C00AB5D1D /* XCRemoteSwiftPackageReference "kakao-ios-sdk" */;
			productName = KakaoSDK;
		};
		8EA4B54928B5E18C00AB5D1D /* KakaoSDKAuth */ = {
			isa = XCSwiftPackageProductDependency;
			package = 8EA4B54628B5E18C00AB5D1D /* XCRemoteSwiftPackageReference "kakao-ios-sdk" */;
			productName = KakaoSDKAuth;
		};
		8EA4B54B28B5E18C00AB5D1D /* KakaoSDKCommon */ = {
			isa = XCSwiftPackageProductDependency;
			package = 8EA4B54628B5E18C00AB5D1D /* XCRemoteSwiftPackageReference "kakao-ios-sdk" */;
			productName = KakaoSDKCommon;
		};
		8EA4B54D28B5E18C00AB5D1D /* KakaoSDKUser */ = {
			isa = XCSwiftPackageProductDependency;
			package = 8EA4B54628B5E18C00AB5D1D /* XCRemoteSwiftPackageReference "kakao-ios-sdk" */;
			productName = KakaoSDKUser;
		};
		8EA4B55128B5E59700AB5D1D /* FirebaseAuth */ = {
			isa = XCSwiftPackageProductDependency;
			package = 8EA4B55028B5E59700AB5D1D /* XCRemoteSwiftPackageReference "firebase-ios-sdk.git" */;
			productName = FirebaseAuth;
		};
		8EAD1FEE28AFB77700288624 /* Kingfisher */ = {
			isa = XCSwiftPackageProductDependency;
			package = 8EAD1FED28AFB77700288624 /* XCRemoteSwiftPackageReference "Kingfisher.git" */;
			productName = Kingfisher;
		};
/* End XCSwiftPackageProductDependency section */
	};
	rootObject = 8E4CB36428755FD60033AD85 /* Project object */;
}
